// !$*UTF8*$!
{
	archiveVersion = 1;
	classes = {
	};
	objectVersion = 50;
	objects = {

/* Begin PBXBuildFile section */
		3D0C622521996AF60041BA82 /* FKDownloader.h in Headers */ = {isa = PBXBuildFile; fileRef = 3D0C622321996AF60041BA82 /* FKDownloader.h */; settings = {ATTRIBUTES = (Public, ); }; };
		3D0C622921996B560041BA82 /* FKConfigure.h in Headers */ = {isa = PBXBuildFile; fileRef = 3DD308CB218BEE3300BDF330 /* FKConfigure.h */; settings = {ATTRIBUTES = (Public, ); }; };
		3D0C622A21996B560041BA82 /* FKDownloadManager.h in Headers */ = {isa = PBXBuildFile; fileRef = 3DD308C9218BEE3300BDF330 /* FKDownloadManager.h */; settings = {ATTRIBUTES = (Public, ); }; };
		3D0C622B21996B560041BA82 /* FKDownloadExecutor.h in Headers */ = {isa = PBXBuildFile; fileRef = 3DD308D1218C403C00BDF330 /* FKDownloadExecutor.h */; settings = {ATTRIBUTES = (Public, ); }; };
		3D0C622C21996B560041BA82 /* FKTask.h in Headers */ = {isa = PBXBuildFile; fileRef = 3DD308C8218BEE3300BDF330 /* FKTask.h */; settings = {ATTRIBUTES = (Public, ); }; };
		3D0C622D21996B560041BA82 /* NSString+FKDownload.h in Headers */ = {isa = PBXBuildFile; fileRef = 3DD308F6218C4E8D00BDF330 /* NSString+FKDownload.h */; settings = {ATTRIBUTES = (Public, ); }; };
		3D0C622E21996B560041BA82 /* NSArray+FKDownload.h in Headers */ = {isa = PBXBuildFile; fileRef = 3D35875C2192BD43000BD0E1 /* NSArray+FKDownload.h */; settings = {ATTRIBUTES = (Public, ); }; };
		3D0C622F21996B630041BA82 /* FKConfigure.m in Sources */ = {isa = PBXBuildFile; fileRef = 3DD308C7218BEE3300BDF330 /* FKConfigure.m */; };
		3D0C623021996B630041BA82 /* FKDownloadManager.m in Sources */ = {isa = PBXBuildFile; fileRef = 3DD308CC218BEE3300BDF330 /* FKDownloadManager.m */; };
		3D0C623121996B630041BA82 /* FKDownloadExecutor.m in Sources */ = {isa = PBXBuildFile; fileRef = 3DD308D2218C403C00BDF330 /* FKDownloadExecutor.m */; };
		3D0C623221996B630041BA82 /* FKTask.m in Sources */ = {isa = PBXBuildFile; fileRef = 3DD308CD218BEE3300BDF330 /* FKTask.m */; };
		3D0C623321996B630041BA82 /* NSString+FKDownload.m in Sources */ = {isa = PBXBuildFile; fileRef = 3DD308F7218C4E8D00BDF330 /* NSString+FKDownload.m */; };
		3D0C623421996B630041BA82 /* NSArray+FKDownload.m in Sources */ = {isa = PBXBuildFile; fileRef = 3D35875D2192BD43000BD0E1 /* NSArray+FKDownload.m */; };
		3D35875E2192BD43000BD0E1 /* NSArray+FKDownload.m in Sources */ = {isa = PBXBuildFile; fileRef = 3D35875D2192BD43000BD0E1 /* NSArray+FKDownload.m */; };
		3D71563A2196B805008F91A7 /* TaskListController.m in Sources */ = {isa = PBXBuildFile; fileRef = 3D7156392196B805008F91A7 /* TaskListController.m */; };
		3D71563D2196B81B008F91A7 /* TaskViewCell.m in Sources */ = {isa = PBXBuildFile; fileRef = 3D71563C2196B81B008F91A7 /* TaskViewCell.m */; };
		3D8CA7A321A5027F00E4BBEA /* FKSystemHelper.h in Headers */ = {isa = PBXBuildFile; fileRef = 3D8CA7A121A5027F00E4BBEA /* FKSystemHelper.h */; settings = {ATTRIBUTES = (Public, ); }; };
		3D8CA7A421A5027F00E4BBEA /* FKSystemHelper.m in Sources */ = {isa = PBXBuildFile; fileRef = 3D8CA7A221A5027F00E4BBEA /* FKSystemHelper.m */; };
		3D8CA7A521A5027F00E4BBEA /* FKSystemHelper.m in Sources */ = {isa = PBXBuildFile; fileRef = 3D8CA7A221A5027F00E4BBEA /* FKSystemHelper.m */; };
		3D8CA7A921A506D300E4BBEA /* FKTaskStorage.h in Headers */ = {isa = PBXBuildFile; fileRef = 3D8CA7A721A506D300E4BBEA /* FKTaskStorage.h */; settings = {ATTRIBUTES = (Public, ); }; };
		3D8CA7AA21A506D300E4BBEA /* FKTaskStorage.m in Sources */ = {isa = PBXBuildFile; fileRef = 3D8CA7A821A506D300E4BBEA /* FKTaskStorage.m */; };
		3D8CA7AB21A506D300E4BBEA /* FKTaskStorage.m in Sources */ = {isa = PBXBuildFile; fileRef = 3D8CA7A821A506D300E4BBEA /* FKTaskStorage.m */; };
		3DA41CD821A1AA3100B48D03 /* FKHashHelper.h in Headers */ = {isa = PBXBuildFile; fileRef = 3DA41CD621A1AA3100B48D03 /* FKHashHelper.h */; settings = {ATTRIBUTES = (Public, ); }; };
		3DA41CD921A1AA3100B48D03 /* FKHashHelper.m in Sources */ = {isa = PBXBuildFile; fileRef = 3DA41CD721A1AA3100B48D03 /* FKHashHelper.m */; };
		3DA41CDA21A1AB5000B48D03 /* FKHashHelper.m in Sources */ = {isa = PBXBuildFile; fileRef = 3DA41CD721A1AA3100B48D03 /* FKHashHelper.m */; };
		3DA41D0521A2AAEC00B48D03 /* NSData+FKDownload.h in Headers */ = {isa = PBXBuildFile; fileRef = 3DA41D0321A2AAEC00B48D03 /* NSData+FKDownload.h */; settings = {ATTRIBUTES = (Public, ); }; };
		3DA41D0621A2AAEC00B48D03 /* NSData+FKDownload.m in Sources */ = {isa = PBXBuildFile; fileRef = 3DA41D0421A2AAEC00B48D03 /* NSData+FKDownload.m */; };
		3DA41D0721A2AAEC00B48D03 /* NSData+FKDownload.m in Sources */ = {isa = PBXBuildFile; fileRef = 3DA41D0421A2AAEC00B48D03 /* NSData+FKDownload.m */; };
		3DA41D0A21A2E1CD00B48D03 /* FKResumeHelper.h in Headers */ = {isa = PBXBuildFile; fileRef = 3DA41D0821A2E1CD00B48D03 /* FKResumeHelper.h */; settings = {ATTRIBUTES = (Public, ); }; };
		3DA41D0B21A2E1CD00B48D03 /* FKResumeHelper.m in Sources */ = {isa = PBXBuildFile; fileRef = 3DA41D0921A2E1CD00B48D03 /* FKResumeHelper.m */; };
		3DA41D0C21A2E1CD00B48D03 /* FKResumeHelper.m in Sources */ = {isa = PBXBuildFile; fileRef = 3DA41D0921A2E1CD00B48D03 /* FKResumeHelper.m */; };
		3DD308B0218BEDBA00BDF330 /* AppDelegate.m in Sources */ = {isa = PBXBuildFile; fileRef = 3DD308AF218BEDBA00BDF330 /* AppDelegate.m */; };
		3DD308B3218BEDBA00BDF330 /* ViewController.m in Sources */ = {isa = PBXBuildFile; fileRef = 3DD308B2218BEDBA00BDF330 /* ViewController.m */; };
		3DD308B6218BEDBA00BDF330 /* Main.storyboard in Resources */ = {isa = PBXBuildFile; fileRef = 3DD308B4218BEDBA00BDF330 /* Main.storyboard */; };
		3DD308B8218BEDBB00BDF330 /* Assets.xcassets in Resources */ = {isa = PBXBuildFile; fileRef = 3DD308B7218BEDBB00BDF330 /* Assets.xcassets */; };
		3DD308BB218BEDBB00BDF330 /* LaunchScreen.storyboard in Resources */ = {isa = PBXBuildFile; fileRef = 3DD308B9218BEDBB00BDF330 /* LaunchScreen.storyboard */; };
		3DD308BE218BEDBB00BDF330 /* main.m in Sources */ = {isa = PBXBuildFile; fileRef = 3DD308BD218BEDBB00BDF330 /* main.m */; };
		3DD308CE218BEE3300BDF330 /* FKConfigure.m in Sources */ = {isa = PBXBuildFile; fileRef = 3DD308C7218BEE3300BDF330 /* FKConfigure.m */; };
		3DD308CF218BEE3300BDF330 /* FKDownloadManager.m in Sources */ = {isa = PBXBuildFile; fileRef = 3DD308CC218BEE3300BDF330 /* FKDownloadManager.m */; };
		3DD308D0218BEE3300BDF330 /* FKTask.m in Sources */ = {isa = PBXBuildFile; fileRef = 3DD308CD218BEE3300BDF330 /* FKTask.m */; };
		3DD308D3218C403C00BDF330 /* FKDownloadExecutor.m in Sources */ = {isa = PBXBuildFile; fileRef = 3DD308D2218C403C00BDF330 /* FKDownloadExecutor.m */; };
		3DD308F8218C4E8D00BDF330 /* NSString+FKDownload.m in Sources */ = {isa = PBXBuildFile; fileRef = 3DD308F7218C4E8D00BDF330 /* NSString+FKDownload.m */; };
/* End PBXBuildFile section */

/* Begin PBXFileReference section */
		3D0C622121996AF60041BA82 /* FKDownloader.framework */ = {isa = PBXFileReference; explicitFileType = wrapper.framework; includeInIndex = 0; path = FKDownloader.framework; sourceTree = BUILT_PRODUCTS_DIR; };
		3D0C622321996AF60041BA82 /* FKDownloader.h */ = {isa = PBXFileReference; lastKnownFileType = sourcecode.c.h; path = FKDownloader.h; sourceTree = "<group>"; };
		3D0C622421996AF60041BA82 /* Info.plist */ = {isa = PBXFileReference; lastKnownFileType = text.plist.xml; path = Info.plist; sourceTree = "<group>"; };
		3D35875C2192BD43000BD0E1 /* NSArray+FKDownload.h */ = {isa = PBXFileReference; lastKnownFileType = sourcecode.c.h; path = "NSArray+FKDownload.h"; sourceTree = "<group>"; };
		3D35875D2192BD43000BD0E1 /* NSArray+FKDownload.m */ = {isa = PBXFileReference; lastKnownFileType = sourcecode.c.objc; path = "NSArray+FKDownload.m"; sourceTree = "<group>"; };
		3D7156382196B805008F91A7 /* TaskListController.h */ = {isa = PBXFileReference; lastKnownFileType = sourcecode.c.h; path = TaskListController.h; sourceTree = "<group>"; };
		3D7156392196B805008F91A7 /* TaskListController.m */ = {isa = PBXFileReference; lastKnownFileType = sourcecode.c.objc; path = TaskListController.m; sourceTree = "<group>"; };
		3D71563B2196B81B008F91A7 /* TaskViewCell.h */ = {isa = PBXFileReference; lastKnownFileType = sourcecode.c.h; path = TaskViewCell.h; sourceTree = "<group>"; };
		3D71563C2196B81B008F91A7 /* TaskViewCell.m */ = {isa = PBXFileReference; lastKnownFileType = sourcecode.c.objc; path = TaskViewCell.m; sourceTree = "<group>"; };
		3D8CA7A121A5027F00E4BBEA /* FKSystemHelper.h */ = {isa = PBXFileReference; lastKnownFileType = sourcecode.c.h; path = FKSystemHelper.h; sourceTree = "<group>"; };
		3D8CA7A221A5027F00E4BBEA /* FKSystemHelper.m */ = {isa = PBXFileReference; lastKnownFileType = sourcecode.c.objc; path = FKSystemHelper.m; sourceTree = "<group>"; };
		3D8CA7A721A506D300E4BBEA /* FKTaskStorage.h */ = {isa = PBXFileReference; lastKnownFileType = sourcecode.c.h; path = FKTaskStorage.h; sourceTree = "<group>"; };
		3D8CA7A821A506D300E4BBEA /* FKTaskStorage.m */ = {isa = PBXFileReference; lastKnownFileType = sourcecode.c.objc; path = FKTaskStorage.m; sourceTree = "<group>"; };
		3DA41CD621A1AA3100B48D03 /* FKHashHelper.h */ = {isa = PBXFileReference; lastKnownFileType = sourcecode.c.h; path = FKHashHelper.h; sourceTree = "<group>"; };
		3DA41CD721A1AA3100B48D03 /* FKHashHelper.m */ = {isa = PBXFileReference; lastKnownFileType = sourcecode.c.objc; path = FKHashHelper.m; sourceTree = "<group>"; };
		3DA41D0321A2AAEC00B48D03 /* NSData+FKDownload.h */ = {isa = PBXFileReference; lastKnownFileType = sourcecode.c.h; path = "NSData+FKDownload.h"; sourceTree = "<group>"; };
		3DA41D0421A2AAEC00B48D03 /* NSData+FKDownload.m */ = {isa = PBXFileReference; lastKnownFileType = sourcecode.c.objc; path = "NSData+FKDownload.m"; sourceTree = "<group>"; };
		3DA41D0821A2E1CD00B48D03 /* FKResumeHelper.h */ = {isa = PBXFileReference; lastKnownFileType = sourcecode.c.h; path = FKResumeHelper.h; sourceTree = "<group>"; };
		3DA41D0921A2E1CD00B48D03 /* FKResumeHelper.m */ = {isa = PBXFileReference; lastKnownFileType = sourcecode.c.objc; path = FKResumeHelper.m; sourceTree = "<group>"; };
		3DD308AB218BEDBA00BDF330 /* FKDownloaderDemo.app */ = {isa = PBXFileReference; explicitFileType = wrapper.application; includeInIndex = 0; path = FKDownloaderDemo.app; sourceTree = BUILT_PRODUCTS_DIR; };
		3DD308AE218BEDBA00BDF330 /* AppDelegate.h */ = {isa = PBXFileReference; lastKnownFileType = sourcecode.c.h; path = AppDelegate.h; sourceTree = "<group>"; };
		3DD308AF218BEDBA00BDF330 /* AppDelegate.m */ = {isa = PBXFileReference; lastKnownFileType = sourcecode.c.objc; path = AppDelegate.m; sourceTree = "<group>"; };
		3DD308B1218BEDBA00BDF330 /* ViewController.h */ = {isa = PBXFileReference; lastKnownFileType = sourcecode.c.h; path = ViewController.h; sourceTree = "<group>"; };
		3DD308B2218BEDBA00BDF330 /* ViewController.m */ = {isa = PBXFileReference; lastKnownFileType = sourcecode.c.objc; path = ViewController.m; sourceTree = "<group>"; };
		3DD308B5218BEDBA00BDF330 /* Base */ = {isa = PBXFileReference; lastKnownFileType = file.storyboard; name = Base; path = Base.lproj/Main.storyboard; sourceTree = "<group>"; };
		3DD308B7218BEDBB00BDF330 /* Assets.xcassets */ = {isa = PBXFileReference; lastKnownFileType = folder.assetcatalog; path = Assets.xcassets; sourceTree = "<group>"; };
		3DD308BA218BEDBB00BDF330 /* Base */ = {isa = PBXFileReference; lastKnownFileType = file.storyboard; name = Base; path = Base.lproj/LaunchScreen.storyboard; sourceTree = "<group>"; };
		3DD308BC218BEDBB00BDF330 /* Info.plist */ = {isa = PBXFileReference; lastKnownFileType = text.plist.xml; path = Info.plist; sourceTree = "<group>"; };
		3DD308BD218BEDBB00BDF330 /* main.m */ = {isa = PBXFileReference; lastKnownFileType = sourcecode.c.objc; path = main.m; sourceTree = "<group>"; };
		3DD308C7218BEE3300BDF330 /* FKConfigure.m */ = {isa = PBXFileReference; fileEncoding = 4; lastKnownFileType = sourcecode.c.objc; path = FKConfigure.m; sourceTree = "<group>"; };
		3DD308C8218BEE3300BDF330 /* FKTask.h */ = {isa = PBXFileReference; fileEncoding = 4; lastKnownFileType = sourcecode.c.h; path = FKTask.h; sourceTree = "<group>"; };
		3DD308C9218BEE3300BDF330 /* FKDownloadManager.h */ = {isa = PBXFileReference; fileEncoding = 4; lastKnownFileType = sourcecode.c.h; path = FKDownloadManager.h; sourceTree = "<group>"; };
		3DD308CA218BEE3300BDF330 /* FKDownloader.h */ = {isa = PBXFileReference; fileEncoding = 4; lastKnownFileType = sourcecode.c.h; path = FKDownloader.h; sourceTree = "<group>"; };
		3DD308CB218BEE3300BDF330 /* FKConfigure.h */ = {isa = PBXFileReference; fileEncoding = 4; lastKnownFileType = sourcecode.c.h; path = FKConfigure.h; sourceTree = "<group>"; };
		3DD308CC218BEE3300BDF330 /* FKDownloadManager.m */ = {isa = PBXFileReference; fileEncoding = 4; lastKnownFileType = sourcecode.c.objc; path = FKDownloadManager.m; sourceTree = "<group>"; };
		3DD308CD218BEE3300BDF330 /* FKTask.m */ = {isa = PBXFileReference; fileEncoding = 4; lastKnownFileType = sourcecode.c.objc; path = FKTask.m; sourceTree = "<group>"; };
		3DD308D1218C403C00BDF330 /* FKDownloadExecutor.h */ = {isa = PBXFileReference; lastKnownFileType = sourcecode.c.h; path = FKDownloadExecutor.h; sourceTree = "<group>"; };
		3DD308D2218C403C00BDF330 /* FKDownloadExecutor.m */ = {isa = PBXFileReference; lastKnownFileType = sourcecode.c.objc; path = FKDownloadExecutor.m; sourceTree = "<group>"; };
		3DD308F6218C4E8D00BDF330 /* NSString+FKDownload.h */ = {isa = PBXFileReference; lastKnownFileType = sourcecode.c.h; path = "NSString+FKDownload.h"; sourceTree = "<group>"; };
		3DD308F7218C4E8D00BDF330 /* NSString+FKDownload.m */ = {isa = PBXFileReference; lastKnownFileType = sourcecode.c.objc; path = "NSString+FKDownload.m"; sourceTree = "<group>"; };
/* End PBXFileReference section */

/* Begin PBXFrameworksBuildPhase section */
		3D0C621D21996AF60041BA82 /* Frameworks */ = {
			isa = PBXFrameworksBuildPhase;
			buildActionMask = 2147483647;
			files = (
			);
			runOnlyForDeploymentPostprocessing = 0;
		};
		3DD308A8218BEDBA00BDF330 /* Frameworks */ = {
			isa = PBXFrameworksBuildPhase;
			buildActionMask = 2147483647;
			files = (
			);
			runOnlyForDeploymentPostprocessing = 0;
		};
/* End PBXFrameworksBuildPhase section */

/* Begin PBXGroup section */
		3D0C622221996AF60041BA82 /* FKDownloader */ = {
			isa = PBXGroup;
			children = (
				3D0C622321996AF60041BA82 /* FKDownloader.h */,
				3D0C622421996AF60041BA82 /* Info.plist */,
			);
			path = FKDownloader;
			sourceTree = "<group>";
		};
		3DD308A2218BEDBA00BDF330 = {
			isa = PBXGroup;
			children = (
				3DD308C6218BEE3300BDF330 /* FKDownloader */,
				3DD308AD218BEDBA00BDF330 /* FKDownloaderDemo */,
				3D0C622221996AF60041BA82 /* FKDownloader */,
				3DD308AC218BEDBA00BDF330 /* Products */,
			);
			sourceTree = "<group>";
		};
		3DD308AC218BEDBA00BDF330 /* Products */ = {
			isa = PBXGroup;
			children = (
				3DD308AB218BEDBA00BDF330 /* FKDownloaderDemo.app */,
				3D0C622121996AF60041BA82 /* FKDownloader.framework */,
			);
			name = Products;
			sourceTree = "<group>";
		};
		3DD308AD218BEDBA00BDF330 /* FKDownloaderDemo */ = {
			isa = PBXGroup;
			children = (
				3DD308AE218BEDBA00BDF330 /* AppDelegate.h */,
				3DD308AF218BEDBA00BDF330 /* AppDelegate.m */,
				3DD308B1218BEDBA00BDF330 /* ViewController.h */,
				3DD308B2218BEDBA00BDF330 /* ViewController.m */,
				3D7156382196B805008F91A7 /* TaskListController.h */,
				3D7156392196B805008F91A7 /* TaskListController.m */,
				3D71563B2196B81B008F91A7 /* TaskViewCell.h */,
				3D71563C2196B81B008F91A7 /* TaskViewCell.m */,
				3DD308B4218BEDBA00BDF330 /* Main.storyboard */,
				3DD308B7218BEDBB00BDF330 /* Assets.xcassets */,
				3DD308B9218BEDBB00BDF330 /* LaunchScreen.storyboard */,
				3DD308BC218BEDBB00BDF330 /* Info.plist */,
				3DD308BD218BEDBB00BDF330 /* main.m */,
			);
			path = FKDownloaderDemo;
			sourceTree = "<group>";
		};
		3DD308C6218BEE3300BDF330 /* FKDownloader */ = {
			isa = PBXGroup;
			children = (
				3DD308CA218BEE3300BDF330 /* FKDownloader.h */,
				3DD308CB218BEE3300BDF330 /* FKConfigure.h */,
				3DD308C7218BEE3300BDF330 /* FKConfigure.m */,
				3DD308C9218BEE3300BDF330 /* FKDownloadManager.h */,
				3DD308CC218BEE3300BDF330 /* FKDownloadManager.m */,
				3DD308D1218C403C00BDF330 /* FKDownloadExecutor.h */,
				3DD308D2218C403C00BDF330 /* FKDownloadExecutor.m */,
				3DD308C8218BEE3300BDF330 /* FKTask.h */,
				3DD308CD218BEE3300BDF330 /* FKTask.m */,
				3D8CA7A721A506D300E4BBEA /* FKTaskStorage.h */,
				3D8CA7A821A506D300E4BBEA /* FKTaskStorage.m */,
				3DA41CD621A1AA3100B48D03 /* FKHashHelper.h */,
				3DA41CD721A1AA3100B48D03 /* FKHashHelper.m */,
				3DA41D0821A2E1CD00B48D03 /* FKResumeHelper.h */,
				3DA41D0921A2E1CD00B48D03 /* FKResumeHelper.m */,
				3D8CA7A121A5027F00E4BBEA /* FKSystemHelper.h */,
				3D8CA7A221A5027F00E4BBEA /* FKSystemHelper.m */,
				3DD308F6218C4E8D00BDF330 /* NSString+FKDownload.h */,
				3DD308F7218C4E8D00BDF330 /* NSString+FKDownload.m */,
				3D35875C2192BD43000BD0E1 /* NSArray+FKDownload.h */,
				3D35875D2192BD43000BD0E1 /* NSArray+FKDownload.m */,
				3DA41D0321A2AAEC00B48D03 /* NSData+FKDownload.h */,
				3DA41D0421A2AAEC00B48D03 /* NSData+FKDownload.m */,
			);
			path = FKDownloader;
			sourceTree = "<group>";
		};
/* End PBXGroup section */

/* Begin PBXHeadersBuildPhase section */
		3D0C621E21996AF60041BA82 /* Headers */ = {
			isa = PBXHeadersBuildPhase;
			buildActionMask = 2147483647;
			files = (
				3D8CA7A321A5027F00E4BBEA /* FKSystemHelper.h in Headers */,
				3DA41D0521A2AAEC00B48D03 /* NSData+FKDownload.h in Headers */,
				3DA41D0A21A2E1CD00B48D03 /* FKResumeHelper.h in Headers */,
				3DA41CD821A1AA3100B48D03 /* FKHashHelper.h in Headers */,
				3D8CA7A921A506D300E4BBEA /* FKTaskStorage.h in Headers */,
				3D0C622921996B560041BA82 /* FKConfigure.h in Headers */,
				3D0C622A21996B560041BA82 /* FKDownloadManager.h in Headers */,
				3D0C622B21996B560041BA82 /* FKDownloadExecutor.h in Headers */,
				3D0C622C21996B560041BA82 /* FKTask.h in Headers */,
				3D0C622D21996B560041BA82 /* NSString+FKDownload.h in Headers */,
				3D0C622E21996B560041BA82 /* NSArray+FKDownload.h in Headers */,
				3D0C622521996AF60041BA82 /* FKDownloader.h in Headers */,
			);
			runOnlyForDeploymentPostprocessing = 0;
		};
/* End PBXHeadersBuildPhase section */

/* Begin PBXNativeTarget section */
		3D0C622021996AF60041BA82 /* FKDownloader */ = {
			isa = PBXNativeTarget;
			buildConfigurationList = 3D0C622621996AF60041BA82 /* Build configuration list for PBXNativeTarget "FKDownloader" */;
			buildPhases = (
				3D0C621C21996AF60041BA82 /* Sources */,
				3D0C621D21996AF60041BA82 /* Frameworks */,
				3D0C621E21996AF60041BA82 /* Headers */,
				3D0C621F21996AF60041BA82 /* Resources */,
			);
			buildRules = (
			);
			dependencies = (
			);
			name = FKDownloader;
			productName = FKDownloader;
			productReference = 3D0C622121996AF60041BA82 /* FKDownloader.framework */;
			productType = "com.apple.product-type.framework";
		};
		3DD308AA218BEDBA00BDF330 /* FKDownloaderDemo */ = {
			isa = PBXNativeTarget;
			buildConfigurationList = 3DD308C1218BEDBB00BDF330 /* Build configuration list for PBXNativeTarget "FKDownloaderDemo" */;
			buildPhases = (
				3DD308A7218BEDBA00BDF330 /* Sources */,
				3DD308A8218BEDBA00BDF330 /* Frameworks */,
				3DD308A9218BEDBA00BDF330 /* Resources */,
			);
			buildRules = (
			);
			dependencies = (
			);
			name = FKDownloaderDemo;
			productName = FKDownloaderDemo;
			productReference = 3DD308AB218BEDBA00BDF330 /* FKDownloaderDemo.app */;
			productType = "com.apple.product-type.application";
		};
/* End PBXNativeTarget section */

/* Begin PBXProject section */
		3DD308A3218BEDBA00BDF330 /* Project object */ = {
			isa = PBXProject;
			attributes = {
				LastUpgradeCheck = 0940;
				ORGANIZATIONNAME = Norld;
				TargetAttributes = {
					3D0C622021996AF60041BA82 = {
						CreatedOnToolsVersion = 9.4.1;
					};
					3DD308AA218BEDBA00BDF330 = {
						CreatedOnToolsVersion = 9.4.1;
					};
				};
			};
			buildConfigurationList = 3DD308A6218BEDBA00BDF330 /* Build configuration list for PBXProject "FKDownloaderDemo" */;
			compatibilityVersion = "Xcode 9.3";
			developmentRegion = en;
			hasScannedForEncodings = 0;
			knownRegions = (
				en,
				Base,
			);
			mainGroup = 3DD308A2218BEDBA00BDF330;
			productRefGroup = 3DD308AC218BEDBA00BDF330 /* Products */;
			projectDirPath = "";
			projectRoot = "";
			targets = (
				3DD308AA218BEDBA00BDF330 /* FKDownloaderDemo */,
				3D0C622021996AF60041BA82 /* FKDownloader */,
			);
		};
/* End PBXProject section */

/* Begin PBXResourcesBuildPhase section */
		3D0C621F21996AF60041BA82 /* Resources */ = {
			isa = PBXResourcesBuildPhase;
			buildActionMask = 2147483647;
			files = (
			);
			runOnlyForDeploymentPostprocessing = 0;
		};
		3DD308A9218BEDBA00BDF330 /* Resources */ = {
			isa = PBXResourcesBuildPhase;
			buildActionMask = 2147483647;
			files = (
				3DD308BB218BEDBB00BDF330 /* LaunchScreen.storyboard in Resources */,
				3DD308B8218BEDBB00BDF330 /* Assets.xcassets in Resources */,
				3DD308B6218BEDBA00BDF330 /* Main.storyboard in Resources */,
			);
			runOnlyForDeploymentPostprocessing = 0;
		};
/* End PBXResourcesBuildPhase section */

/* Begin PBXSourcesBuildPhase section */
		3D0C621C21996AF60041BA82 /* Sources */ = {
			isa = PBXSourcesBuildPhase;
			buildActionMask = 2147483647;
			files = (
				3DA41D0C21A2E1CD00B48D03 /* FKResumeHelper.m in Sources */,
				3D8CA7A521A5027F00E4BBEA /* FKSystemHelper.m in Sources */,
				3D8CA7AB21A506D300E4BBEA /* FKTaskStorage.m in Sources */,
				3D0C622F21996B630041BA82 /* FKConfigure.m in Sources */,
				3D0C623021996B630041BA82 /* FKDownloadManager.m in Sources */,
				3D0C623121996B630041BA82 /* FKDownloadExecutor.m in Sources */,
				3D0C623221996B630041BA82 /* FKTask.m in Sources */,
				3D0C623321996B630041BA82 /* NSString+FKDownload.m in Sources */,
				3DA41D0721A2AAEC00B48D03 /* NSData+FKDownload.m in Sources */,
				3DA41CD921A1AA3100B48D03 /* FKHashHelper.m in Sources */,
				3D0C623421996B630041BA82 /* NSArray+FKDownload.m in Sources */,
			);
			runOnlyForDeploymentPostprocessing = 0;
		};
		3DD308A7218BEDBA00BDF330 /* Sources */ = {
			isa = PBXSourcesBuildPhase;
			buildActionMask = 2147483647;
			files = (
				3DD308B3218BEDBA00BDF330 /* ViewController.m in Sources */,
				3DA41D0B21A2E1CD00B48D03 /* FKResumeHelper.m in Sources */,
				3DD308D0218BEE3300BDF330 /* FKTask.m in Sources */,
				3D8CA7AA21A506D300E4BBEA /* FKTaskStorage.m in Sources */,
				3DD308BE218BEDBB00BDF330 /* main.m in Sources */,
				3DA41D0621A2AAEC00B48D03 /* NSData+FKDownload.m in Sources */,
				3DA41CDA21A1AB5000B48D03 /* FKHashHelper.m in Sources */,
				3DD308CF218BEE3300BDF330 /* FKDownloadManager.m in Sources */,
				3DD308F8218C4E8D00BDF330 /* NSString+FKDownload.m in Sources */,
				3DD308D3218C403C00BDF330 /* FKDownloadExecutor.m in Sources */,
				3D71563D2196B81B008F91A7 /* TaskViewCell.m in Sources */,
				3DD308B0218BEDBA00BDF330 /* AppDelegate.m in Sources */,
				3D8CA7A421A5027F00E4BBEA /* FKSystemHelper.m in Sources */,
				3DD308CE218BEE3300BDF330 /* FKConfigure.m in Sources */,
				3D71563A2196B805008F91A7 /* TaskListController.m in Sources */,
				3D35875E2192BD43000BD0E1 /* NSArray+FKDownload.m in Sources */,
			);
			runOnlyForDeploymentPostprocessing = 0;
		};
/* End PBXSourcesBuildPhase section */

/* Begin PBXVariantGroup section */
		3DD308B4218BEDBA00BDF330 /* Main.storyboard */ = {
			isa = PBXVariantGroup;
			children = (
				3DD308B5218BEDBA00BDF330 /* Base */,
			);
			name = Main.storyboard;
			sourceTree = "<group>";
		};
		3DD308B9218BEDBB00BDF330 /* LaunchScreen.storyboard */ = {
			isa = PBXVariantGroup;
			children = (
				3DD308BA218BEDBB00BDF330 /* Base */,
			);
			name = LaunchScreen.storyboard;
			sourceTree = "<group>";
		};
/* End PBXVariantGroup section */

/* Begin XCBuildConfiguration section */
		3D0C622721996AF60041BA82 /* Debug */ = {
			isa = XCBuildConfiguration;
			buildSettings = {
				CODE_SIGN_IDENTITY = "";
				CODE_SIGN_STYLE = Automatic;
				CURRENT_PROJECT_VERSION = 1;
				DEFINES_MODULE = YES;
				DEVELOPMENT_TEAM = YBE8S6568K;
				DYLIB_COMPATIBILITY_VERSION = 1;
				DYLIB_CURRENT_VERSION = 1;
				DYLIB_INSTALL_NAME_BASE = "@rpath";
				INFOPLIST_FILE = FKDownloader/Info.plist;
				INSTALL_PATH = "$(LOCAL_LIBRARY_DIR)/Frameworks";
				IPHONEOS_DEPLOYMENT_TARGET = 8.0;
				LD_RUNPATH_SEARCH_PATHS = (
					"$(inherited)",
					"@executable_path/Frameworks",
					"@loader_path/Frameworks",
				);
				OTHER_CFLAGS = "-fembed-bitcode";
				OTHER_LDFLAGS = "-all_load";
				PRODUCT_BUNDLE_IDENTIFIER = com.fk.FKDownloader;
				PRODUCT_NAME = "$(TARGET_NAME:c99extidentifier)";
				SKIP_INSTALL = YES;
				TARGETED_DEVICE_FAMILY = "1,2";
				VERSIONING_SYSTEM = "apple-generic";
				VERSION_INFO_PREFIX = "";
			};
			name = Debug;
		};
		3D0C622821996AF60041BA82 /* Release */ = {
			isa = XCBuildConfiguration;
			buildSettings = {
				CODE_SIGN_IDENTITY = "";
				CODE_SIGN_STYLE = Automatic;
				CURRENT_PROJECT_VERSION = 1;
				DEFINES_MODULE = YES;
				DEVELOPMENT_TEAM = YBE8S6568K;
				DYLIB_COMPATIBILITY_VERSION = 1;
				DYLIB_CURRENT_VERSION = 1;
				DYLIB_INSTALL_NAME_BASE = "@rpath";
				INFOPLIST_FILE = FKDownloader/Info.plist;
				INSTALL_PATH = "$(LOCAL_LIBRARY_DIR)/Frameworks";
				IPHONEOS_DEPLOYMENT_TARGET = 8.0;
				LD_RUNPATH_SEARCH_PATHS = (
					"$(inherited)",
					"@executable_path/Frameworks",
					"@loader_path/Frameworks",
				);
				OTHER_CFLAGS = "-fembed-bitcode";
				OTHER_LDFLAGS = "-all_load";
				PRODUCT_BUNDLE_IDENTIFIER = com.fk.FKDownloader;
				PRODUCT_NAME = "$(TARGET_NAME:c99extidentifier)";
				SKIP_INSTALL = YES;
				TARGETED_DEVICE_FAMILY = "1,2";
				VERSIONING_SYSTEM = "apple-generic";
				VERSION_INFO_PREFIX = "";
			};
			name = Release;
		};
		3DD308BF218BEDBB00BDF330 /* Debug */ = {
			isa = XCBuildConfiguration;
			buildSettings = {
				ALWAYS_SEARCH_USER_PATHS = NO;
				CLANG_ANALYZER_NONNULL = YES;
				CLANG_ANALYZER_NUMBER_OBJECT_CONVERSION = YES_AGGRESSIVE;
				CLANG_CXX_LANGUAGE_STANDARD = "gnu++14";
				CLANG_CXX_LIBRARY = "libc++";
				CLANG_ENABLE_MODULES = YES;
				CLANG_ENABLE_OBJC_ARC = YES;
				CLANG_ENABLE_OBJC_WEAK = YES;
				CLANG_WARN_BLOCK_CAPTURE_AUTORELEASING = YES;
				CLANG_WARN_BOOL_CONVERSION = YES;
				CLANG_WARN_COMMA = YES;
				CLANG_WARN_CONSTANT_CONVERSION = YES;
				CLANG_WARN_DEPRECATED_OBJC_IMPLEMENTATIONS = YES;
				CLANG_WARN_DIRECT_OBJC_ISA_USAGE = YES_ERROR;
				CLANG_WARN_DOCUMENTATION_COMMENTS = YES;
				CLANG_WARN_EMPTY_BODY = YES;
				CLANG_WARN_ENUM_CONVERSION = YES;
				CLANG_WARN_INFINITE_RECURSION = YES;
				CLANG_WARN_INT_CONVERSION = YES;
				CLANG_WARN_NON_LITERAL_NULL_CONVERSION = YES;
				CLANG_WARN_OBJC_IMPLICIT_RETAIN_SELF = YES;
				CLANG_WARN_OBJC_LITERAL_CONVERSION = YES;
				CLANG_WARN_OBJC_ROOT_CLASS = YES_ERROR;
				CLANG_WARN_RANGE_LOOP_ANALYSIS = YES;
				CLANG_WARN_STRICT_PROTOTYPES = YES;
				CLANG_WARN_SUSPICIOUS_MOVE = YES;
				CLANG_WARN_UNGUARDED_AVAILABILITY = YES_AGGRESSIVE;
				CLANG_WARN_UNREACHABLE_CODE = YES;
				CLANG_WARN__DUPLICATE_METHOD_MATCH = YES;
				CODE_SIGN_IDENTITY = "iPhone Developer";
				COPY_PHASE_STRIP = NO;
				DEBUG_INFORMATION_FORMAT = dwarf;
				ENABLE_STRICT_OBJC_MSGSEND = YES;
				ENABLE_TESTABILITY = YES;
				GCC_C_LANGUAGE_STANDARD = gnu11;
				GCC_DYNAMIC_NO_PIC = NO;
				GCC_NO_COMMON_BLOCKS = YES;
				GCC_OPTIMIZATION_LEVEL = 0;
				GCC_PREPROCESSOR_DEFINITIONS = (
					"DEBUG=1",
					"$(inherited)",
				);
				GCC_WARN_64_TO_32_BIT_CONVERSION = YES;
				GCC_WARN_ABOUT_RETURN_TYPE = YES_ERROR;
				GCC_WARN_UNDECLARED_SELECTOR = YES;
				GCC_WARN_UNINITIALIZED_AUTOS = YES_AGGRESSIVE;
				GCC_WARN_UNUSED_FUNCTION = YES;
				GCC_WARN_UNUSED_VARIABLE = YES;
				IPHONEOS_DEPLOYMENT_TARGET = 11.4;
				MTL_ENABLE_DEBUG_INFO = YES;
				ONLY_ACTIVE_ARCH = YES;
				SDKROOT = iphoneos;
			};
			name = Debug;
		};
		3DD308C0218BEDBB00BDF330 /* Release */ = {
			isa = XCBuildConfiguration;
			buildSettings = {
				ALWAYS_SEARCH_USER_PATHS = NO;
				CLANG_ANALYZER_NONNULL = YES;
				CLANG_ANALYZER_NUMBER_OBJECT_CONVERSION = YES_AGGRESSIVE;
				CLANG_CXX_LANGUAGE_STANDARD = "gnu++14";
				CLANG_CXX_LIBRARY = "libc++";
				CLANG_ENABLE_MODULES = YES;
				CLANG_ENABLE_OBJC_ARC = YES;
				CLANG_ENABLE_OBJC_WEAK = YES;
				CLANG_WARN_BLOCK_CAPTURE_AUTORELEASING = YES;
				CLANG_WARN_BOOL_CONVERSION = YES;
				CLANG_WARN_COMMA = YES;
				CLANG_WARN_CONSTANT_CONVERSION = YES;
				CLANG_WARN_DEPRECATED_OBJC_IMPLEMENTATIONS = YES;
				CLANG_WARN_DIRECT_OBJC_ISA_USAGE = YES_ERROR;
				CLANG_WARN_DOCUMENTATION_COMMENTS = YES;
				CLANG_WARN_EMPTY_BODY = YES;
				CLANG_WARN_ENUM_CONVERSION = YES;
				CLANG_WARN_INFINITE_RECURSION = YES;
				CLANG_WARN_INT_CONVERSION = YES;
				CLANG_WARN_NON_LITERAL_NULL_CONVERSION = YES;
				CLANG_WARN_OBJC_IMPLICIT_RETAIN_SELF = YES;
				CLANG_WARN_OBJC_LITERAL_CONVERSION = YES;
				CLANG_WARN_OBJC_ROOT_CLASS = YES_ERROR;
				CLANG_WARN_RANGE_LOOP_ANALYSIS = YES;
				CLANG_WARN_STRICT_PROTOTYPES = YES;
				CLANG_WARN_SUSPICIOUS_MOVE = YES;
				CLANG_WARN_UNGUARDED_AVAILABILITY = YES_AGGRESSIVE;
				CLANG_WARN_UNREACHABLE_CODE = YES;
				CLANG_WARN__DUPLICATE_METHOD_MATCH = YES;
				CODE_SIGN_IDENTITY = "iPhone Developer";
				COPY_PHASE_STRIP = NO;
				DEBUG_INFORMATION_FORMAT = "dwarf-with-dsym";
				ENABLE_NS_ASSERTIONS = NO;
				ENABLE_STRICT_OBJC_MSGSEND = YES;
				GCC_C_LANGUAGE_STANDARD = gnu11;
				GCC_NO_COMMON_BLOCKS = YES;
				GCC_WARN_64_TO_32_BIT_CONVERSION = YES;
				GCC_WARN_ABOUT_RETURN_TYPE = YES_ERROR;
				GCC_WARN_UNDECLARED_SELECTOR = YES;
				GCC_WARN_UNINITIALIZED_AUTOS = YES_AGGRESSIVE;
				GCC_WARN_UNUSED_FUNCTION = YES;
				GCC_WARN_UNUSED_VARIABLE = YES;
				IPHONEOS_DEPLOYMENT_TARGET = 11.4;
				MTL_ENABLE_DEBUG_INFO = NO;
				SDKROOT = iphoneos;
				VALIDATE_PRODUCT = YES;
			};
			name = Release;
		};
		3DD308C2218BEDBB00BDF330 /* Debug */ = {
			isa = XCBuildConfiguration;
			buildSettings = {
				ASSETCATALOG_COMPILER_APPICON_NAME = AppIcon;
				CODE_SIGN_STYLE = Automatic;
				DEVELOPMENT_TEAM = YBE8S6568K;
				INFOPLIST_FILE = FKDownloaderDemo/Info.plist;
				IPHONEOS_DEPLOYMENT_TARGET = 8.0;
				LD_RUNPATH_SEARCH_PATHS = (
					"$(inherited)",
					"@executable_path/Frameworks",
				);
				PRODUCT_BUNDLE_IDENTIFIER = com.test.FKDownloaderDemo;
				PRODUCT_NAME = "$(TARGET_NAME)";
				TARGETED_DEVICE_FAMILY = "1,2";
			};
			name = Debug;
		};
		3DD308C3218BEDBB00BDF330 /* Release */ = {
			isa = XCBuildConfiguration;
			buildSettings = {
				ASSETCATALOG_COMPILER_APPICON_NAME = AppIcon;
				CODE_SIGN_STYLE = Automatic;
				DEVELOPMENT_TEAM = YBE8S6568K;
				INFOPLIST_FILE = FKDownloaderDemo/Info.plist;
				IPHONEOS_DEPLOYMENT_TARGET = 8.0;
				LD_RUNPATH_SEARCH_PATHS = (
					"$(inherited)",
					"@executable_path/Frameworks",
				);
				PRODUCT_BUNDLE_IDENTIFIER = com.test.FKDownloaderDemo;
				PRODUCT_NAME = "$(TARGET_NAME)";
				TARGETED_DEVICE_FAMILY = "1,2";
			};
			name = Release;
		};
/* End XCBuildConfiguration section */

/* Begin XCConfigurationList section */
		3D0C622621996AF60041BA82 /* Build configuration list for PBXNativeTarget "FKDownloader" */ = {
			isa = XCConfigurationList;
			buildConfigurations = (
				3D0C622721996AF60041BA82 /* Debug */,
				3D0C622821996AF60041BA82 /* Release */,
			);
			defaultConfigurationIsVisible = 0;
			defaultConfigurationName = Release;
		};
		3DD308A6218BEDBA00BDF330 /* Build configuration list for PBXProject "FKDownloaderDemo" */ = {
			isa = XCConfigurationList;
			buildConfigurations = (
				3DD308BF218BEDBB00BDF330 /* Debug */,
				3DD308C0218BEDBB00BDF330 /* Release */,
			);
			defaultConfigurationIsVisible = 0;
			defaultConfigurationName = Release;
		};
		3DD308C1218BEDBB00BDF330 /* Build configuration list for PBXNativeTarget "FKDownloaderDemo" */ = {
			isa = XCConfigurationList;
			buildConfigurations = (
				3DD308C2218BEDBB00BDF330 /* Debug */,
				3DD308C3218BEDBB00BDF330 /* Release */,
			);
			defaultConfigurationIsVisible = 0;
			defaultConfigurationName = Release;
		};
/* End XCConfigurationList section */
	};
	rootObject = 3DD308A3218BEDBA00BDF330 /* Project object */;
}
