PODS:
  - FKDownloader (1.0.0)
  - Masonry (1.1.0)
  - MBProgressHUD (1.2.0)

DEPENDENCIES:
  - FKDownloader (from `../`)
  - Masonry
  - MBProgressHUD

SPEC REPOS:
  trunk:
    - Masonry
    - MBProgressHUD

EXTERNAL SOURCES:
  FKDownloader:
    :path: "../"

SPEC CHECKSUMS:
  FKDownloader: 98992125a0be1c42b8a4e04bbcc421356d69eb64
  Masonry: 678fab65091a9290e40e2832a55e7ab731aad201
  MBProgressHUD: 3ee5efcc380f6a79a7cc9b363dd669c5e1ae7406

PODFILE CHECKSUM: 4589ae8d12d58e2c9cf08b397e545577968b8b6d

COCOAPODS: 1.8.4
