// !$*UTF8*$!
{
	archiveVersion = 1;
	classes = {
	};
	objectVersion = 50;
	objects = {

/* Begin PBXBuildFile section */
		3D3079D823E66C72005F0105 /* TestMiddleware.m in Sources */ = {isa = PBXBuildFile; fileRef = 3D3079D723E66C72005F0105 /* TestMiddleware.m */; };
		3D3079E123E67E68005F0105 /* AppDelegate.m in Sources */ = {isa = PBXBuildFile; fileRef = 3D3079E023E67E68005F0105 /* AppDelegate.m */; };
		3D3079E723E67E68005F0105 /* ViewController.m in Sources */ = {isa = PBXBuildFile; fileRef = 3D3079E623E67E68005F0105 /* ViewController.m */; };
		3D3079EA23E67E68005F0105 /* Main.storyboard in Resources */ = {isa = PBXBuildFile; fileRef = 3D3079E823E67E68005F0105 /* Main.storyboard */; };
		3D3079EC23E67E6B005F0105 /* Assets.xcassets in Resources */ = {isa = PBXBuildFile; fileRef = 3D3079EB23E67E6B005F0105 /* Assets.xcassets */; };
		3D3079EF23E67E6B005F0105 /* LaunchScreen.storyboard in Resources */ = {isa = PBXBuildFile; fileRef = 3D3079ED23E67E6B005F0105 /* LaunchScreen.storyboard */; };
		3D3079F223E67E6B005F0105 /* main.m in Sources */ = {isa = PBXBuildFile; fileRef = 3D3079F123E67E6B005F0105 /* main.m */; };
		3D36748423BD89BC0023E3A0 /* FKObserverModel.h in Headers */ = {isa = PBXBuildFile; fileRef = 3D36748223BD89BC0023E3A0 /* FKObserverModel.h */; };
		3D36748523BD89BC0023E3A0 /* FKObserverModel.m in Sources */ = {isa = PBXBuildFile; fileRef = 3D36748323BD89BC0023E3A0 /* FKObserverModel.m */; };
		3D36748823BD8FB40023E3A0 /* FKCacheModel.h in Headers */ = {isa = PBXBuildFile; fileRef = 3D36748623BD8FB40023E3A0 /* FKCacheModel.h */; };
		3D36748923BD8FB40023E3A0 /* FKCacheModel.m in Sources */ = {isa = PBXBuildFile; fileRef = 3D36748723BD8FB40023E3A0 /* FKCacheModel.m */; };
		3D560E3023CC5F8C0080500D /* CoreServices.framework in Frameworks */ = {isa = PBXBuildFile; fileRef = 3D560E2E23CC5F800080500D /* CoreServices.framework */; };
		3D613ED723D00ADA00B25D44 /* FKCoder.h in Headers */ = {isa = PBXBuildFile; fileRef = 3D613ED523D00ADA00B25D44 /* FKCoder.h */; };
		3D613ED823D00ADA00B25D44 /* FKCoder.m in Sources */ = {isa = PBXBuildFile; fileRef = 3D613ED623D00ADA00B25D44 /* FKCoder.m */; };
		3D613EF323BC5D75005F489F /* FKFileManager.h in Headers */ = {isa = PBXBuildFile; fileRef = 3D613EF123BC5D75005F489F /* FKFileManager.h */; };
		3D613EF423BC5D75005F489F /* FKFileManager.m in Sources */ = {isa = PBXBuildFile; fileRef = 3D613EF223BC5D75005F489F /* FKFileManager.m */; };
		3D613EFB23BCAA78005F489F /* NSString+FKCategory.h in Headers */ = {isa = PBXBuildFile; fileRef = 3D613EF923BCAA78005F489F /* NSString+FKCategory.h */; };
		3D613EFC23BCAA78005F489F /* NSString+FKCategory.m in Sources */ = {isa = PBXBuildFile; fileRef = 3D613EFA23BCAA78005F489F /* NSString+FKCategory.m */; };
		3D6616FF23B75BA9008EBE8A /* FKDownloader.h in Headers */ = {isa = PBXBuildFile; fileRef = 3D6616FD23B75BA9008EBE8A /* FKDownloader.h */; settings = {ATTRIBUTES = (Public, ); }; };
		3D68DF4523BC37F50060DAEB /* FKCache.h in Headers */ = {isa = PBXBuildFile; fileRef = 3D68DF4323BC37F50060DAEB /* FKCache.h */; };
		3D68DF4623BC37F50060DAEB /* FKCache.m in Sources */ = {isa = PBXBuildFile; fileRef = 3D68DF4423BC37F50060DAEB /* FKCache.m */; };
		3D6A396523C571A500A97A29 /* FKLogger.h in Headers */ = {isa = PBXBuildFile; fileRef = 3D6A396323C571A500A97A29 /* FKLogger.h */; };
		3D6A396623C571A500A97A29 /* FKLogger.m in Sources */ = {isa = PBXBuildFile; fileRef = 3D6A396423C571A500A97A29 /* FKLogger.m */; };
		3D776F7123B84F4400AC6190 /* FKSessionDelegater.h in Headers */ = {isa = PBXBuildFile; fileRef = 3D776F6F23B84F4400AC6190 /* FKSessionDelegater.h */; };
		3D776F7223B84F4400AC6190 /* FKSessionDelegater.m in Sources */ = {isa = PBXBuildFile; fileRef = 3D776F7023B84F4400AC6190 /* FKSessionDelegater.m */; };
		3D82358223C1DF4800FE1D89 /* FKDownloaderTests.m in Sources */ = {isa = PBXBuildFile; fileRef = 3D82358123C1DF4800FE1D89 /* FKDownloaderTests.m */; };
		3D82358423C1DF4800FE1D89 /* FKDownloader.framework in Frameworks */ = {isa = PBXBuildFile; fileRef = 3D6616FA23B75BA9008EBE8A /* FKDownloader.framework */; };
		3D933F0523BB4660006C6C95 /* FKControl.h in Headers */ = {isa = PBXBuildFile; fileRef = 3D933F0323BB4660006C6C95 /* FKControl.h */; };
		3D933F0623BB4660006C6C95 /* FKControl.m in Sources */ = {isa = PBXBuildFile; fileRef = 3D933F0423BB4660006C6C95 /* FKControl.m */; };
		3D933F0923BB46E9006C6C95 /* FKMiddleware.h in Headers */ = {isa = PBXBuildFile; fileRef = 3D933F0723BB46E9006C6C95 /* FKMiddleware.h */; };
		3D933F0A23BB46E9006C6C95 /* FKMiddleware.m in Sources */ = {isa = PBXBuildFile; fileRef = 3D933F0823BB46E9006C6C95 /* FKMiddleware.m */; };
		3D933F0E23BB54C1006C6C95 /* FKSingleNumber.h in Headers */ = {isa = PBXBuildFile; fileRef = 3D933F0C23BB54C1006C6C95 /* FKSingleNumber.h */; };
		3D933F0F23BB54C1006C6C95 /* FKSingleNumber.m in Sources */ = {isa = PBXBuildFile; fileRef = 3D933F0D23BB54C1006C6C95 /* FKSingleNumber.m */; };
		3DB8FB2F23D584B2002B7450 /* FKResponse.h in Headers */ = {isa = PBXBuildFile; fileRef = 3DB8FB2D23D584B2002B7450 /* FKResponse.h */; };
		3DB8FB3023D584B2002B7450 /* FKResponse.m in Sources */ = {isa = PBXBuildFile; fileRef = 3DB8FB2E23D584B2002B7450 /* FKResponse.m */; };
		3DEC509323C03A5E009F7489 /* FKCommonHeader.h in Headers */ = {isa = PBXBuildFile; fileRef = 3DEC509223C03A5E009F7489 /* FKCommonHeader.h */; };
		3DF8F74923BB214900A9E363 /* FKEngine.h in Headers */ = {isa = PBXBuildFile; fileRef = 3DF8F74723BB214900A9E363 /* FKEngine.h */; };
		3DF8F74A23BB214900A9E363 /* FKEngine.m in Sources */ = {isa = PBXBuildFile; fileRef = 3DF8F74823BB214900A9E363 /* FKEngine.m */; };
		3DF8F74D23BB217600A9E363 /* FKConfigure.h in Headers */ = {isa = PBXBuildFile; fileRef = 3DF8F74B23BB217600A9E363 /* FKConfigure.h */; };
		3DF8F74E23BB217600A9E363 /* FKConfigure.m in Sources */ = {isa = PBXBuildFile; fileRef = 3DF8F74C23BB217600A9E363 /* FKConfigure.m */; };
		3DF8F75123BB219900A9E363 /* FKObserver.h in Headers */ = {isa = PBXBuildFile; fileRef = 3DF8F74F23BB219900A9E363 /* FKObserver.h */; };
		3DF8F75223BB219900A9E363 /* FKObserver.m in Sources */ = {isa = PBXBuildFile; fileRef = 3DF8F75023BB219900A9E363 /* FKObserver.m */; };
		3DF8F75523BB21D700A9E363 /* FKMessager.h in Headers */ = {isa = PBXBuildFile; fileRef = 3DF8F75323BB21D700A9E363 /* FKMessager.h */; };
		3DF8F75623BB21D700A9E363 /* FKMessager.m in Sources */ = {isa = PBXBuildFile; fileRef = 3DF8F75423BB21D700A9E363 /* FKMessager.m */; };
		3DF8F75923BB229700A9E363 /* FKBuilder.h in Headers */ = {isa = PBXBuildFile; fileRef = 3DF8F75723BB229700A9E363 /* FKBuilder.h */; };
		3DF8F75A23BB229700A9E363 /* FKBuilder.m in Sources */ = {isa = PBXBuildFile; fileRef = 3DF8F75823BB229700A9E363 /* FKBuilder.m */; };
		3DF8F75F23BB2A6500A9E363 /* FKScheduler.h in Headers */ = {isa = PBXBuildFile; fileRef = 3DF8F75D23BB2A6500A9E363 /* FKScheduler.h */; };
		3DF8F76023BB2A6500A9E363 /* FKScheduler.m in Sources */ = {isa = PBXBuildFile; fileRef = 3DF8F75E23BB2A6500A9E363 /* FKScheduler.m */; };
/* End PBXBuildFile section */

/* Begin PBXContainerItemProxy section */
		3D3079F623E67E75005F0105 /* PBXContainerItemProxy */ = {
			isa = PBXContainerItemProxy;
			containerPortal = 3D6616F123B75BA9008EBE8A /* Project object */;
			proxyType = 1;
			remoteGlobalIDString = 3D3079DC23E67E68005F0105;
			remoteInfo = FKDownloaderTestsApp;
		};
		3D82358523C1DF4800FE1D89 /* PBXContainerItemProxy */ = {
			isa = PBXContainerItemProxy;
			containerPortal = 3D6616F123B75BA9008EBE8A /* Project object */;
			proxyType = 1;
			remoteGlobalIDString = 3D6616F923B75BA9008EBE8A;
			remoteInfo = FKDownloader;
		};
/* End PBXContainerItemProxy section */

/* Begin PBXFileReference section */
		3D3079D623E66C72005F0105 /* TestMiddleware.h */ = {isa = PBXFileReference; lastKnownFileType = sourcecode.c.h; path = TestMiddleware.h; sourceTree = "<group>"; };
		3D3079D723E66C72005F0105 /* TestMiddleware.m */ = {isa = PBXFileReference; lastKnownFileType = sourcecode.c.objc; path = TestMiddleware.m; sourceTree = "<group>"; };
		3D3079DD23E67E68005F0105 /* FKDownloaderTestsApp.app */ = {isa = PBXFileReference; explicitFileType = wrapper.application; includeInIndex = 0; path = FKDownloaderTestsApp.app; sourceTree = BUILT_PRODUCTS_DIR; };
		3D3079DF23E67E68005F0105 /* AppDelegate.h */ = {isa = PBXFileReference; lastKnownFileType = sourcecode.c.h; path = AppDelegate.h; sourceTree = "<group>"; };
		3D3079E023E67E68005F0105 /* AppDelegate.m */ = {isa = PBXFileReference; lastKnownFileType = sourcecode.c.objc; path = AppDelegate.m; sourceTree = "<group>"; };
		3D3079E523E67E68005F0105 /* ViewController.h */ = {isa = PBXFileReference; lastKnownFileType = sourcecode.c.h; path = ViewController.h; sourceTree = "<group>"; };
		3D3079E623E67E68005F0105 /* ViewController.m */ = {isa = PBXFileReference; lastKnownFileType = sourcecode.c.objc; path = ViewController.m; sourceTree = "<group>"; };
		3D3079E923E67E68005F0105 /* Base */ = {isa = PBXFileReference; lastKnownFileType = file.storyboard; name = Base; path = Base.lproj/Main.storyboard; sourceTree = "<group>"; };
		3D3079EB23E67E6B005F0105 /* Assets.xcassets */ = {isa = PBXFileReference; lastKnownFileType = folder.assetcatalog; path = Assets.xcassets; sourceTree = "<group>"; };
		3D3079EE23E67E6B005F0105 /* Base */ = {isa = PBXFileReference; lastKnownFileType = file.storyboard; name = Base; path = Base.lproj/LaunchScreen.storyboard; sourceTree = "<group>"; };
		3D3079F023E67E6B005F0105 /* Info.plist */ = {isa = PBXFileReference; lastKnownFileType = text.plist.xml; path = Info.plist; sourceTree = "<group>"; };
		3D3079F123E67E6B005F0105 /* main.m */ = {isa = PBXFileReference; lastKnownFileType = sourcecode.c.objc; path = main.m; sourceTree = "<group>"; };
		3D36748223BD89BC0023E3A0 /* FKObserverModel.h */ = {isa = PBXFileReference; lastKnownFileType = sourcecode.c.h; path = FKObserverModel.h; sourceTree = "<group>"; };
		3D36748323BD89BC0023E3A0 /* FKObserverModel.m */ = {isa = PBXFileReference; lastKnownFileType = sourcecode.c.objc; path = FKObserverModel.m; sourceTree = "<group>"; };
		3D36748623BD8FB40023E3A0 /* FKCacheModel.h */ = {isa = PBXFileReference; lastKnownFileType = sourcecode.c.h; path = FKCacheModel.h; sourceTree = "<group>"; };
		3D36748723BD8FB40023E3A0 /* FKCacheModel.m */ = {isa = PBXFileReference; lastKnownFileType = sourcecode.c.objc; path = FKCacheModel.m; sourceTree = "<group>"; };
		3D560E2E23CC5F800080500D /* CoreServices.framework */ = {isa = PBXFileReference; lastKnownFileType = wrapper.framework; name = CoreServices.framework; path = Platforms/MacOSX.platform/Developer/SDKs/MacOSX10.15.sdk/System/Library/Frameworks/CoreServices.framework; sourceTree = DEVELOPER_DIR; };
		3D613ED523D00ADA00B25D44 /* FKCoder.h */ = {isa = PBXFileReference; lastKnownFileType = sourcecode.c.h; path = FKCoder.h; sourceTree = "<group>"; };
		3D613ED623D00ADA00B25D44 /* FKCoder.m */ = {isa = PBXFileReference; lastKnownFileType = sourcecode.c.objc; path = FKCoder.m; sourceTree = "<group>"; };
		3D613EF123BC5D75005F489F /* FKFileManager.h */ = {isa = PBXFileReference; lastKnownFileType = sourcecode.c.h; path = FKFileManager.h; sourceTree = "<group>"; };
		3D613EF223BC5D75005F489F /* FKFileManager.m */ = {isa = PBXFileReference; lastKnownFileType = sourcecode.c.objc; path = FKFileManager.m; sourceTree = "<group>"; };
		3D613EF923BCAA78005F489F /* NSString+FKCategory.h */ = {isa = PBXFileReference; lastKnownFileType = sourcecode.c.h; path = "NSString+FKCategory.h"; sourceTree = "<group>"; };
		3D613EFA23BCAA78005F489F /* NSString+FKCategory.m */ = {isa = PBXFileReference; lastKnownFileType = sourcecode.c.objc; path = "NSString+FKCategory.m"; sourceTree = "<group>"; };
		3D6616FA23B75BA9008EBE8A /* FKDownloader.framework */ = {isa = PBXFileReference; explicitFileType = wrapper.framework; includeInIndex = 0; path = FKDownloader.framework; sourceTree = BUILT_PRODUCTS_DIR; };
		3D6616FD23B75BA9008EBE8A /* FKDownloader.h */ = {isa = PBXFileReference; lastKnownFileType = sourcecode.c.h; path = FKDownloader.h; sourceTree = "<group>"; };
		3D6616FE23B75BA9008EBE8A /* Info.plist */ = {isa = PBXFileReference; lastKnownFileType = text.plist.xml; path = Info.plist; sourceTree = "<group>"; };
		3D68DF4323BC37F50060DAEB /* FKCache.h */ = {isa = PBXFileReference; lastKnownFileType = sourcecode.c.h; path = FKCache.h; sourceTree = "<group>"; };
		3D68DF4423BC37F50060DAEB /* FKCache.m */ = {isa = PBXFileReference; lastKnownFileType = sourcecode.c.objc; path = FKCache.m; sourceTree = "<group>"; };
		3D6A396323C571A500A97A29 /* FKLogger.h */ = {isa = PBXFileReference; lastKnownFileType = sourcecode.c.h; path = FKLogger.h; sourceTree = "<group>"; };
		3D6A396423C571A500A97A29 /* FKLogger.m */ = {isa = PBXFileReference; lastKnownFileType = sourcecode.c.objc; path = FKLogger.m; sourceTree = "<group>"; };
		3D776F6F23B84F4400AC6190 /* FKSessionDelegater.h */ = {isa = PBXFileReference; lastKnownFileType = sourcecode.c.h; path = FKSessionDelegater.h; sourceTree = "<group>"; };
		3D776F7023B84F4400AC6190 /* FKSessionDelegater.m */ = {isa = PBXFileReference; lastKnownFileType = sourcecode.c.objc; path = FKSessionDelegater.m; sourceTree = "<group>"; };
		3D82357F23C1DF4800FE1D89 /* FKDownloaderTests.xctest */ = {isa = PBXFileReference; explicitFileType = wrapper.cfbundle; includeInIndex = 0; path = FKDownloaderTests.xctest; sourceTree = BUILT_PRODUCTS_DIR; };
		3D82358123C1DF4800FE1D89 /* FKDownloaderTests.m */ = {isa = PBXFileReference; lastKnownFileType = sourcecode.c.objc; path = FKDownloaderTests.m; sourceTree = "<group>"; };
		3D82358323C1DF4800FE1D89 /* Info.plist */ = {isa = PBXFileReference; lastKnownFileType = text.plist.xml; path = Info.plist; sourceTree = "<group>"; };
		3D933F0323BB4660006C6C95 /* FKControl.h */ = {isa = PBXFileReference; lastKnownFileType = sourcecode.c.h; path = FKControl.h; sourceTree = "<group>"; };
		3D933F0423BB4660006C6C95 /* FKControl.m */ = {isa = PBXFileReference; lastKnownFileType = sourcecode.c.objc; path = FKControl.m; sourceTree = "<group>"; };
		3D933F0723BB46E9006C6C95 /* FKMiddleware.h */ = {isa = PBXFileReference; lastKnownFileType = sourcecode.c.h; path = FKMiddleware.h; sourceTree = "<group>"; };
		3D933F0823BB46E9006C6C95 /* FKMiddleware.m */ = {isa = PBXFileReference; lastKnownFileType = sourcecode.c.objc; path = FKMiddleware.m; sourceTree = "<group>"; };
		3D933F0C23BB54C1006C6C95 /* FKSingleNumber.h */ = {isa = PBXFileReference; lastKnownFileType = sourcecode.c.h; path = FKSingleNumber.h; sourceTree = "<group>"; };
		3D933F0D23BB54C1006C6C95 /* FKSingleNumber.m */ = {isa = PBXFileReference; lastKnownFileType = sourcecode.c.objc; path = FKSingleNumber.m; sourceTree = "<group>"; };
		3DB8FB2D23D584B2002B7450 /* FKResponse.h */ = {isa = PBXFileReference; lastKnownFileType = sourcecode.c.h; path = FKResponse.h; sourceTree = "<group>"; };
		3DB8FB2E23D584B2002B7450 /* FKResponse.m */ = {isa = PBXFileReference; lastKnownFileType = sourcecode.c.objc; path = FKResponse.m; sourceTree = "<group>"; };
		3DEC509223C03A5E009F7489 /* FKCommonHeader.h */ = {isa = PBXFileReference; lastKnownFileType = sourcecode.c.h; path = FKCommonHeader.h; sourceTree = "<group>"; };
		3DF8F74723BB214900A9E363 /* FKEngine.h */ = {isa = PBXFileReference; lastKnownFileType = sourcecode.c.h; path = FKEngine.h; sourceTree = "<group>"; };
		3DF8F74823BB214900A9E363 /* FKEngine.m */ = {isa = PBXFileReference; lastKnownFileType = sourcecode.c.objc; path = FKEngine.m; sourceTree = "<group>"; };
		3DF8F74B23BB217600A9E363 /* FKConfigure.h */ = {isa = PBXFileReference; lastKnownFileType = sourcecode.c.h; path = FKConfigure.h; sourceTree = "<group>"; };
		3DF8F74C23BB217600A9E363 /* FKConfigure.m */ = {isa = PBXFileReference; lastKnownFileType = sourcecode.c.objc; path = FKConfigure.m; sourceTree = "<group>"; };
		3DF8F74F23BB219900A9E363 /* FKObserver.h */ = {isa = PBXFileReference; lastKnownFileType = sourcecode.c.h; path = FKObserver.h; sourceTree = "<group>"; };
		3DF8F75023BB219900A9E363 /* FKObserver.m */ = {isa = PBXFileReference; lastKnownFileType = sourcecode.c.objc; path = FKObserver.m; sourceTree = "<group>"; };
		3DF8F75323BB21D700A9E363 /* FKMessager.h */ = {isa = PBXFileReference; lastKnownFileType = sourcecode.c.h; path = FKMessager.h; sourceTree = "<group>"; };
		3DF8F75423BB21D700A9E363 /* FKMessager.m */ = {isa = PBXFileReference; lastKnownFileType = sourcecode.c.objc; path = FKMessager.m; sourceTree = "<group>"; };
		3DF8F75723BB229700A9E363 /* FKBuilder.h */ = {isa = PBXFileReference; lastKnownFileType = sourcecode.c.h; path = FKBuilder.h; sourceTree = "<group>"; };
		3DF8F75823BB229700A9E363 /* FKBuilder.m */ = {isa = PBXFileReference; lastKnownFileType = sourcecode.c.objc; path = FKBuilder.m; sourceTree = "<group>"; };
		3DF8F75D23BB2A6500A9E363 /* FKScheduler.h */ = {isa = PBXFileReference; lastKnownFileType = sourcecode.c.h; path = FKScheduler.h; sourceTree = "<group>"; };
		3DF8F75E23BB2A6500A9E363 /* FKScheduler.m */ = {isa = PBXFileReference; lastKnownFileType = sourcecode.c.objc; path = FKScheduler.m; sourceTree = "<group>"; };
/* End PBXFileReference section */

/* Begin PBXFrameworksBuildPhase section */
		3D3079DA23E67E68005F0105 /* Frameworks */ = {
			isa = PBXFrameworksBuildPhase;
			buildActionMask = 2147483647;
			files = (
			);
			runOnlyForDeploymentPostprocessing = 0;
		};
		3D6616F723B75BA9008EBE8A /* Frameworks */ = {
			isa = PBXFrameworksBuildPhase;
			buildActionMask = 2147483647;
			files = (
				3D560E3023CC5F8C0080500D /* CoreServices.framework in Frameworks */,
			);
			runOnlyForDeploymentPostprocessing = 0;
		};
		3D82357C23C1DF4800FE1D89 /* Frameworks */ = {
			isa = PBXFrameworksBuildPhase;
			buildActionMask = 2147483647;
			files = (
				3D82358423C1DF4800FE1D89 /* FKDownloader.framework in Frameworks */,
			);
			runOnlyForDeploymentPostprocessing = 0;
		};
/* End PBXFrameworksBuildPhase section */

/* Begin PBXGroup section */
		3D3079D523E66C55005F0105 /* Middleware */ = {
			isa = PBXGroup;
			children = (
				3D3079D623E66C72005F0105 /* TestMiddleware.h */,
				3D3079D723E66C72005F0105 /* TestMiddleware.m */,
			);
			path = Middleware;
			sourceTree = "<group>";
		};
		3D3079DE23E67E68005F0105 /* FKDownloaderTestsApp */ = {
			isa = PBXGroup;
			children = (
				3D3079DF23E67E68005F0105 /* AppDelegate.h */,
				3D3079E023E67E68005F0105 /* AppDelegate.m */,
				3D3079E523E67E68005F0105 /* ViewController.h */,
				3D3079E623E67E68005F0105 /* ViewController.m */,
				3D3079E823E67E68005F0105 /* Main.storyboard */,
				3D3079EB23E67E6B005F0105 /* Assets.xcassets */,
				3D3079ED23E67E6B005F0105 /* LaunchScreen.storyboard */,
				3D3079F023E67E6B005F0105 /* Info.plist */,
				3D3079F123E67E6B005F0105 /* main.m */,
			);
			path = FKDownloaderTestsApp;
			sourceTree = "<group>";
		};
		3D36748123BD869B0023E3A0 /* Model */ = {
			isa = PBXGroup;
			children = (
				3D36748223BD89BC0023E3A0 /* FKObserverModel.h */,
				3D36748323BD89BC0023E3A0 /* FKObserverModel.m */,
				3D36748623BD8FB40023E3A0 /* FKCacheModel.h */,
				3D36748723BD8FB40023E3A0 /* FKCacheModel.m */,
				3DB8FB2D23D584B2002B7450 /* FKResponse.h */,
				3DB8FB2E23D584B2002B7450 /* FKResponse.m */,
			);
			path = Model;
			sourceTree = "<group>";
		};
		3D560E2D23CC5F7F0080500D /* Frameworks */ = {
			isa = PBXGroup;
			children = (
				3D560E2E23CC5F800080500D /* CoreServices.framework */,
			);
			name = Frameworks;
			sourceTree = "<group>";
		};
		3D6616F023B75BA9008EBE8A = {
			isa = PBXGroup;
			children = (
				3D6616FC23B75BA9008EBE8A /* FKDownloader */,
				3D82358023C1DF4800FE1D89 /* FKDownloaderTests */,
				3D3079DE23E67E68005F0105 /* FKDownloaderTestsApp */,
				3D6616FB23B75BA9008EBE8A /* Products */,
				3D560E2D23CC5F7F0080500D /* Frameworks */,
			);
			sourceTree = "<group>";
		};
		3D6616FB23B75BA9008EBE8A /* Products */ = {
			isa = PBXGroup;
			children = (
				3D6616FA23B75BA9008EBE8A /* FKDownloader.framework */,
				3D82357F23C1DF4800FE1D89 /* FKDownloaderTests.xctest */,
				3D3079DD23E67E68005F0105 /* FKDownloaderTestsApp.app */,
			);
			name = Products;
			sourceTree = "<group>";
		};
		3D6616FC23B75BA9008EBE8A /* FKDownloader */ = {
			isa = PBXGroup;
			children = (
				3D36748123BD869B0023E3A0 /* Model */,
				3D933F0B23BB549A006C6C95 /* Utils */,
				3DF8F76A23BB2C1600A9E363 /* Extension */,
				3DF8F76123BB2B7900A9E363 /* Process */,
				3DF8F75C23BB2A0100A9E363 /* Middleware */,
				3DF8F75B23BB29E600A9E363 /* Control */,
				3D6616FD23B75BA9008EBE8A /* FKDownloader.h */,
				3D6616FE23B75BA9008EBE8A /* Info.plist */,
			);
			path = FKDownloader;
			sourceTree = "<group>";
		};
		3D82358023C1DF4800FE1D89 /* FKDownloaderTests */ = {
			isa = PBXGroup;
			children = (
				3D3079D523E66C55005F0105 /* Middleware */,
				3D82358123C1DF4800FE1D89 /* FKDownloaderTests.m */,
				3D82358323C1DF4800FE1D89 /* Info.plist */,
			);
			path = FKDownloaderTests;
			sourceTree = "<group>";
		};
		3D933F0B23BB549A006C6C95 /* Utils */ = {
			isa = PBXGroup;
			children = (
				3DEC509223C03A5E009F7489 /* FKCommonHeader.h */,
				3D933F0C23BB54C1006C6C95 /* FKSingleNumber.h */,
				3D933F0D23BB54C1006C6C95 /* FKSingleNumber.m */,
				3D613EF123BC5D75005F489F /* FKFileManager.h */,
				3D613EF223BC5D75005F489F /* FKFileManager.m */,
				3D6A396323C571A500A97A29 /* FKLogger.h */,
				3D6A396423C571A500A97A29 /* FKLogger.m */,
				3D613ED523D00ADA00B25D44 /* FKCoder.h */,
				3D613ED623D00ADA00B25D44 /* FKCoder.m */,
			);
			path = Utils;
			sourceTree = "<group>";
		};
		3DF8F75B23BB29E600A9E363 /* Control */ = {
			isa = PBXGroup;
			children = (
				3DF8F74B23BB217600A9E363 /* FKConfigure.h */,
				3DF8F74C23BB217600A9E363 /* FKConfigure.m */,
				3DF8F74723BB214900A9E363 /* FKEngine.h */,
				3DF8F74823BB214900A9E363 /* FKEngine.m */,
				3DF8F75D23BB2A6500A9E363 /* FKScheduler.h */,
				3DF8F75E23BB2A6500A9E363 /* FKScheduler.m */,
				3D68DF4323BC37F50060DAEB /* FKCache.h */,
				3D68DF4423BC37F50060DAEB /* FKCache.m */,
				3DF8F75723BB229700A9E363 /* FKBuilder.h */,
				3DF8F75823BB229700A9E363 /* FKBuilder.m */,
				3D933F0323BB4660006C6C95 /* FKControl.h */,
				3D933F0423BB4660006C6C95 /* FKControl.m */,
			);
			path = Control;
			sourceTree = "<group>";
		};
		3DF8F75C23BB2A0100A9E363 /* Middleware */ = {
			isa = PBXGroup;
			children = (
				3D933F0723BB46E9006C6C95 /* FKMiddleware.h */,
				3D933F0823BB46E9006C6C95 /* FKMiddleware.m */,
			);
			path = Middleware;
			sourceTree = "<group>";
		};
		3DF8F76123BB2B7900A9E363 /* Process */ = {
			isa = PBXGroup;
			children = (
				3D776F6F23B84F4400AC6190 /* FKSessionDelegater.h */,
				3D776F7023B84F4400AC6190 /* FKSessionDelegater.m */,
				3DF8F74F23BB219900A9E363 /* FKObserver.h */,
				3DF8F75023BB219900A9E363 /* FKObserver.m */,
				3DF8F75323BB21D700A9E363 /* FKMessager.h */,
				3DF8F75423BB21D700A9E363 /* FKMessager.m */,
			);
			path = Process;
			sourceTree = "<group>";
		};
		3DF8F76A23BB2C1600A9E363 /* Extension */ = {
			isa = PBXGroup;
			children = (
				3D613EF923BCAA78005F489F /* NSString+FKCategory.h */,
				3D613EFA23BCAA78005F489F /* NSString+FKCategory.m */,
			);
			path = Extension;
			sourceTree = "<group>";
		};
/* End PBXGroup section */

/* Begin PBXHeadersBuildPhase section */
		3D6616F523B75BA9008EBE8A /* Headers */ = {
			isa = PBXHeadersBuildPhase;
			buildActionMask = 2147483647;
			files = (
				3D6616FF23B75BA9008EBE8A /* FKDownloader.h in Headers */,
				3DEC509323C03A5E009F7489 /* FKCommonHeader.h in Headers */,
				3D36748423BD89BC0023E3A0 /* FKObserverModel.h in Headers */,
				3D776F7123B84F4400AC6190 /* FKSessionDelegater.h in Headers */,
				3D933F0923BB46E9006C6C95 /* FKMiddleware.h in Headers */,
				3D613EF323BC5D75005F489F /* FKFileManager.h in Headers */,
				3D36748823BD8FB40023E3A0 /* FKCacheModel.h in Headers */,
				3D613ED723D00ADA00B25D44 /* FKCoder.h in Headers */,
				3DF8F75523BB21D700A9E363 /* FKMessager.h in Headers */,
				3D68DF4523BC37F50060DAEB /* FKCache.h in Headers */,
				3DB8FB2F23D584B2002B7450 /* FKResponse.h in Headers */,
				3DF8F75F23BB2A6500A9E363 /* FKScheduler.h in Headers */,
				3D933F0523BB4660006C6C95 /* FKControl.h in Headers */,
				3DF8F74923BB214900A9E363 /* FKEngine.h in Headers */,
				3D933F0E23BB54C1006C6C95 /* FKSingleNumber.h in Headers */,
				3DF8F75923BB229700A9E363 /* FKBuilder.h in Headers */,
				3DF8F74D23BB217600A9E363 /* FKConfigure.h in Headers */,
				3D613EFB23BCAA78005F489F /* NSString+FKCategory.h in Headers */,
				3D6A396523C571A500A97A29 /* FKLogger.h in Headers */,
				3DF8F75123BB219900A9E363 /* FKObserver.h in Headers */,
			);
			runOnlyForDeploymentPostprocessing = 0;
		};
/* End PBXHeadersBuildPhase section */

/* Begin PBXNativeTarget section */
		3D3079DC23E67E68005F0105 /* FKDownloaderTestsApp */ = {
			isa = PBXNativeTarget;
			buildConfigurationList = 3D3079F323E67E6B005F0105 /* Build configuration list for PBXNativeTarget "FKDownloaderTestsApp" */;
			buildPhases = (
				3D3079D923E67E68005F0105 /* Sources */,
				3D3079DA23E67E68005F0105 /* Frameworks */,
				3D3079DB23E67E68005F0105 /* Resources */,
			);
			buildRules = (
			);
			dependencies = (
			);
			name = FKDownloaderTestsApp;
			productName = FKDownloaderTestsApp;
			productReference = 3D3079DD23E67E68005F0105 /* FKDownloaderTestsApp.app */;
			productType = "com.apple.product-type.application";
		};
		3D6616F923B75BA9008EBE8A /* FKDownloader */ = {
			isa = PBXNativeTarget;
			buildConfigurationList = 3D66170223B75BA9008EBE8A /* Build configuration list for PBXNativeTarget "FKDownloader" */;
			buildPhases = (
				3D6616F523B75BA9008EBE8A /* Headers */,
				3D6616F623B75BA9008EBE8A /* Sources */,
				3D6616F723B75BA9008EBE8A /* Frameworks */,
				3D6616F823B75BA9008EBE8A /* Resources */,
			);
			buildRules = (
			);
			dependencies = (
			);
			name = FKDownloader;
			productName = FKDownloader;
			productReference = 3D6616FA23B75BA9008EBE8A /* FKDownloader.framework */;
			productType = "com.apple.product-type.framework";
		};
		3D82357E23C1DF4800FE1D89 /* FKDownloaderTests */ = {
			isa = PBXNativeTarget;
			buildConfigurationList = 3D82358923C1DF4800FE1D89 /* Build configuration list for PBXNativeTarget "FKDownloaderTests" */;
			buildPhases = (
				3D82357B23C1DF4800FE1D89 /* Sources */,
				3D82357C23C1DF4800FE1D89 /* Frameworks */,
				3D82357D23C1DF4800FE1D89 /* Resources */,
			);
			buildRules = (
			);
			dependencies = (
				3D82358623C1DF4800FE1D89 /* PBXTargetDependency */,
				3D3079F723E67E75005F0105 /* PBXTargetDependency */,
			);
			name = FKDownloaderTests;
			productName = FKDownloaderTests;
			productReference = 3D82357F23C1DF4800FE1D89 /* FKDownloaderTests.xctest */;
			productType = "com.apple.product-type.bundle.unit-test";
		};
/* End PBXNativeTarget section */

/* Begin PBXProject section */
		3D6616F123B75BA9008EBE8A /* Project object */ = {
			isa = PBXProject;
			attributes = {
				LastUpgradeCheck = 1130;
				ORGANIZATIONNAME = norld;
				TargetAttributes = {
					3D3079DC23E67E68005F0105 = {
						CreatedOnToolsVersion = 11.3.1;
					};
					3D6616F923B75BA9008EBE8A = {
						CreatedOnToolsVersion = 11.3;
					};
					3D82357E23C1DF4800FE1D89 = {
						CreatedOnToolsVersion = 11.3;
						TestTargetID = 3D3079DC23E67E68005F0105;
					};
				};
			};
			buildConfigurationList = 3D6616F423B75BA9008EBE8A /* Build configuration list for PBXProject "FKDownloader" */;
			compatibilityVersion = "Xcode 9.3";
			developmentRegion = en;
			hasScannedForEncodings = 0;
			knownRegions = (
				en,
				Base,
			);
			mainGroup = 3D6616F023B75BA9008EBE8A;
			productRefGroup = 3D6616FB23B75BA9008EBE8A /* Products */;
			projectDirPath = "";
			projectRoot = "";
			targets = (
				3D6616F923B75BA9008EBE8A /* FKDownloader */,
				3D82357E23C1DF4800FE1D89 /* FKDownloaderTests */,
				3D3079DC23E67E68005F0105 /* FKDownloaderTestsApp */,
			);
		};
/* End PBXProject section */

/* Begin PBXResourcesBuildPhase section */
		3D3079DB23E67E68005F0105 /* Resources */ = {
			isa = PBXResourcesBuildPhase;
			buildActionMask = 2147483647;
			files = (
				3D3079EF23E67E6B005F0105 /* LaunchScreen.storyboard in Resources */,
				3D3079EC23E67E6B005F0105 /* Assets.xcassets in Resources */,
				3D3079EA23E67E68005F0105 /* Main.storyboard in Resources */,
			);
			runOnlyForDeploymentPostprocessing = 0;
		};
		3D6616F823B75BA9008EBE8A /* Resources */ = {
			isa = PBXResourcesBuildPhase;
			buildActionMask = 2147483647;
			files = (
			);
			runOnlyForDeploymentPostprocessing = 0;
		};
		3D82357D23C1DF4800FE1D89 /* Resources */ = {
			isa = PBXResourcesBuildPhase;
			buildActionMask = 2147483647;
			files = (
			);
			runOnlyForDeploymentPostprocessing = 0;
		};
/* End PBXResourcesBuildPhase section */

/* Begin PBXSourcesBuildPhase section */
		3D3079D923E67E68005F0105 /* Sources */ = {
			isa = PBXSourcesBuildPhase;
			buildActionMask = 2147483647;
			files = (
				3D3079E723E67E68005F0105 /* ViewController.m in Sources */,
				3D3079E123E67E68005F0105 /* AppDelegate.m in Sources */,
				3D3079F223E67E6B005F0105 /* main.m in Sources */,
			);
			runOnlyForDeploymentPostprocessing = 0;
		};
		3D6616F623B75BA9008EBE8A /* Sources */ = {
			isa = PBXSourcesBuildPhase;
			buildActionMask = 2147483647;
			files = (
				3D613EFC23BCAA78005F489F /* NSString+FKCategory.m in Sources */,
				3DB8FB3023D584B2002B7450 /* FKResponse.m in Sources */,
				3D36748523BD89BC0023E3A0 /* FKObserverModel.m in Sources */,
				3DF8F75A23BB229700A9E363 /* FKBuilder.m in Sources */,
				3D68DF4623BC37F50060DAEB /* FKCache.m in Sources */,
				3DF8F75223BB219900A9E363 /* FKObserver.m in Sources */,
				3D6A396623C571A500A97A29 /* FKLogger.m in Sources */,
				3DF8F75623BB21D700A9E363 /* FKMessager.m in Sources */,
				3D613EF423BC5D75005F489F /* FKFileManager.m in Sources */,
				3D933F0A23BB46E9006C6C95 /* FKMiddleware.m in Sources */,
				3D613ED823D00ADA00B25D44 /* FKCoder.m in Sources */,
				3D776F7223B84F4400AC6190 /* FKSessionDelegater.m in Sources */,
				3DF8F74E23BB217600A9E363 /* FKConfigure.m in Sources */,
				3DF8F76023BB2A6500A9E363 /* FKScheduler.m in Sources */,
				3D933F0623BB4660006C6C95 /* FKControl.m in Sources */,
				3D933F0F23BB54C1006C6C95 /* FKSingleNumber.m in Sources */,
				3DF8F74A23BB214900A9E363 /* FKEngine.m in Sources */,
				3D36748923BD8FB40023E3A0 /* FKCacheModel.m in Sources */,
			);
			runOnlyForDeploymentPostprocessing = 0;
		};
		3D82357B23C1DF4800FE1D89 /* Sources */ = {
			isa = PBXSourcesBuildPhase;
			buildActionMask = 2147483647;
			files = (
				3D82358223C1DF4800FE1D89 /* FKDownloaderTests.m in Sources */,
				3D3079D823E66C72005F0105 /* TestMiddleware.m in Sources */,
			);
			runOnlyForDeploymentPostprocessing = 0;
		};
/* End PBXSourcesBuildPhase section */

/* Begin PBXTargetDependency section */
		3D3079F723E67E75005F0105 /* PBXTargetDependency */ = {
			isa = PBXTargetDependency;
			target = 3D3079DC23E67E68005F0105 /* FKDownloaderTestsApp */;
			targetProxy = 3D3079F623E67E75005F0105 /* PBXContainerItemProxy */;
		};
		3D82358623C1DF4800FE1D89 /* PBXTargetDependency */ = {
			isa = PBXTargetDependency;
			target = 3D6616F923B75BA9008EBE8A /* FKDownloader */;
			targetProxy = 3D82358523C1DF4800FE1D89 /* PBXContainerItemProxy */;
		};
/* End PBXTargetDependency section */

/* Begin PBXVariantGroup section */
		3D3079E823E67E68005F0105 /* Main.storyboard */ = {
			isa = PBXVariantGroup;
			children = (
				3D3079E923E67E68005F0105 /* Base */,
			);
			name = Main.storyboard;
			sourceTree = "<group>";
		};
		3D3079ED23E67E6B005F0105 /* LaunchScreen.storyboard */ = {
			isa = PBXVariantGroup;
			children = (
				3D3079EE23E67E6B005F0105 /* Base */,
			);
			name = LaunchScreen.storyboard;
			sourceTree = "<group>";
		};
/* End PBXVariantGroup section */

/* Begin XCBuildConfiguration section */
		3D3079F423E67E6B005F0105 /* Debug */ = {
			isa = XCBuildConfiguration;
			buildSettings = {
				ASSETCATALOG_COMPILER_APPICON_NAME = AppIcon;
				CODE_SIGN_STYLE = Automatic;
				DEVELOPMENT_TEAM = QD5GY3MPC6;
				INFOPLIST_FILE = FKDownloaderTestsApp/Info.plist;
				IPHONEOS_DEPLOYMENT_TARGET = 9.0;
				LD_RUNPATH_SEARCH_PATHS = (
					"$(inherited)",
					"@executable_path/Frameworks",
				);
				PRODUCT_BUNDLE_IDENTIFIER = com.norld.FKDownloaderTestsApp;
				PRODUCT_NAME = "$(TARGET_NAME)";
				TARGETED_DEVICE_FAMILY = "1,2";
			};
			name = Debug;
		};
		3D3079F523E67E6B005F0105 /* Release */ = {
			isa = XCBuildConfiguration;
			buildSettings = {
				ASSETCATALOG_COMPILER_APPICON_NAME = AppIcon;
				CODE_SIGN_STYLE = Automatic;
				DEVELOPMENT_TEAM = QD5GY3MPC6;
				INFOPLIST_FILE = FKDownloaderTestsApp/Info.plist;
				IPHONEOS_DEPLOYMENT_TARGET = 9.0;
				LD_RUNPATH_SEARCH_PATHS = (
					"$(inherited)",
					"@executable_path/Frameworks",
				);
				PRODUCT_BUNDLE_IDENTIFIER = com.norld.FKDownloaderTestsApp;
				PRODUCT_NAME = "$(TARGET_NAME)";
				TARGETED_DEVICE_FAMILY = "1,2";
			};
			name = Release;
		};
		3D66170023B75BA9008EBE8A /* Debug */ = {
			isa = XCBuildConfiguration;
			buildSettings = {
				ALWAYS_SEARCH_USER_PATHS = NO;
				CLANG_ANALYZER_NONNULL = YES;
				CLANG_ANALYZER_NUMBER_OBJECT_CONVERSION = YES_AGGRESSIVE;
				CLANG_CXX_LANGUAGE_STANDARD = "gnu++14";
				CLANG_CXX_LIBRARY = "libc++";
				CLANG_ENABLE_MODULES = YES;
				CLANG_ENABLE_OBJC_ARC = YES;
				CLANG_ENABLE_OBJC_WEAK = YES;
				CLANG_WARN_BLOCK_CAPTURE_AUTORELEASING = YES;
				CLANG_WARN_BOOL_CONVERSION = YES;
				CLANG_WARN_COMMA = YES;
				CLANG_WARN_CONSTANT_CONVERSION = YES;
				CLANG_WARN_DEPRECATED_OBJC_IMPLEMENTATIONS = YES;
				CLANG_WARN_DIRECT_OBJC_ISA_USAGE = YES_ERROR;
				CLANG_WARN_DOCUMENTATION_COMMENTS = YES;
				CLANG_WARN_EMPTY_BODY = YES;
				CLANG_WARN_ENUM_CONVERSION = YES;
				CLANG_WARN_INFINITE_RECURSION = YES;
				CLANG_WARN_INT_CONVERSION = YES;
				CLANG_WARN_NON_LITERAL_NULL_CONVERSION = YES;
				CLANG_WARN_OBJC_IMPLICIT_RETAIN_SELF = YES;
				CLANG_WARN_OBJC_LITERAL_CONVERSION = YES;
				CLANG_WARN_OBJC_ROOT_CLASS = YES_ERROR;
				CLANG_WARN_RANGE_LOOP_ANALYSIS = YES;
				CLANG_WARN_STRICT_PROTOTYPES = YES;
				CLANG_WARN_SUSPICIOUS_MOVE = YES;
				CLANG_WARN_UNGUARDED_AVAILABILITY = YES_AGGRESSIVE;
				CLANG_WARN_UNREACHABLE_CODE = YES;
				CLANG_WARN__DUPLICATE_METHOD_MATCH = YES;
				COPY_PHASE_STRIP = NO;
				CURRENT_PROJECT_VERSION = 1;
				DEBUG_INFORMATION_FORMAT = dwarf;
				ENABLE_STRICT_OBJC_MSGSEND = YES;
				ENABLE_TESTABILITY = YES;
				GCC_C_LANGUAGE_STANDARD = gnu11;
				GCC_DYNAMIC_NO_PIC = NO;
				GCC_NO_COMMON_BLOCKS = YES;
				GCC_OPTIMIZATION_LEVEL = 0;
				GCC_PREPROCESSOR_DEFINITIONS = (
					"DEBUG=1",
					"$(inherited)",
				);
				GCC_WARN_64_TO_32_BIT_CONVERSION = YES;
				GCC_WARN_ABOUT_RETURN_TYPE = YES_ERROR;
				GCC_WARN_UNDECLARED_SELECTOR = YES;
				GCC_WARN_UNINITIALIZED_AUTOS = YES_AGGRESSIVE;
				GCC_WARN_UNUSED_FUNCTION = YES;
				GCC_WARN_UNUSED_VARIABLE = YES;
				IPHONEOS_DEPLOYMENT_TARGET = 13.2;
				MTL_ENABLE_DEBUG_INFO = INCLUDE_SOURCE;
				MTL_FAST_MATH = YES;
				ONLY_ACTIVE_ARCH = YES;
				SDKROOT = iphoneos;
				VERSIONING_SYSTEM = "apple-generic";
				VERSION_INFO_PREFIX = "";
			};
			name = Debug;
		};
		3D66170123B75BA9008EBE8A /* Release */ = {
			isa = XCBuildConfiguration;
			buildSettings = {
				ALWAYS_SEARCH_USER_PATHS = NO;
				CLANG_ANALYZER_NONNULL = YES;
				CLANG_ANALYZER_NUMBER_OBJECT_CONVERSION = YES_AGGRESSIVE;
				CLANG_CXX_LANGUAGE_STANDARD = "gnu++14";
				CLANG_CXX_LIBRARY = "libc++";
				CLANG_ENABLE_MODULES = YES;
				CLANG_ENABLE_OBJC_ARC = YES;
				CLANG_ENABLE_OBJC_WEAK = YES;
				CLANG_WARN_BLOCK_CAPTURE_AUTORELEASING = YES;
				CLANG_WARN_BOOL_CONVERSION = YES;
				CLANG_WARN_COMMA = YES;
				CLANG_WARN_CONSTANT_CONVERSION = YES;
				CLANG_WARN_DEPRECATED_OBJC_IMPLEMENTATIONS = YES;
				CLANG_WARN_DIRECT_OBJC_ISA_USAGE = YES_ERROR;
				CLANG_WARN_DOCUMENTATION_COMMENTS = YES;
				CLANG_WARN_EMPTY_BODY = YES;
				CLANG_WARN_ENUM_CONVERSION = YES;
				CLANG_WARN_INFINITE_RECURSION = YES;
				CLANG_WARN_INT_CONVERSION = YES;
				CLANG_WARN_NON_LITERAL_NULL_CONVERSION = YES;
				CLANG_WARN_OBJC_IMPLICIT_RETAIN_SELF = YES;
				CLANG_WARN_OBJC_LITERAL_CONVERSION = YES;
				CLANG_WARN_OBJC_ROOT_CLASS = YES_ERROR;
				CLANG_WARN_RANGE_LOOP_ANALYSIS = YES;
				CLANG_WARN_STRICT_PROTOTYPES = YES;
				CLANG_WARN_SUSPICIOUS_MOVE = YES;
				CLANG_WARN_UNGUARDED_AVAILABILITY = YES_AGGRESSIVE;
				CLANG_WARN_UNREACHABLE_CODE = YES;
				CLANG_WARN__DUPLICATE_METHOD_MATCH = YES;
				COPY_PHASE_STRIP = NO;
				CURRENT_PROJECT_VERSION = 1;
				DEBUG_INFORMATION_FORMAT = "dwarf-with-dsym";
				ENABLE_NS_ASSERTIONS = NO;
				ENABLE_STRICT_OBJC_MSGSEND = YES;
				GCC_C_LANGUAGE_STANDARD = gnu11;
				GCC_NO_COMMON_BLOCKS = YES;
				GCC_WARN_64_TO_32_BIT_CONVERSION = YES;
				GCC_WARN_ABOUT_RETURN_TYPE = YES_ERROR;
				GCC_WARN_UNDECLARED_SELECTOR = YES;
				GCC_WARN_UNINITIALIZED_AUTOS = YES_AGGRESSIVE;
				GCC_WARN_UNUSED_FUNCTION = YES;
				GCC_WARN_UNUSED_VARIABLE = YES;
				IPHONEOS_DEPLOYMENT_TARGET = 13.2;
				MTL_ENABLE_DEBUG_INFO = NO;
				MTL_FAST_MATH = YES;
				SDKROOT = iphoneos;
				VALIDATE_PRODUCT = YES;
				VERSIONING_SYSTEM = "apple-generic";
				VERSION_INFO_PREFIX = "";
			};
			name = Release;
		};
		3D66170323B75BA9008EBE8A /* Debug */ = {
			isa = XCBuildConfiguration;
			buildSettings = {
				CODE_SIGN_STYLE = Automatic;
				DEFINES_MODULE = YES;
				DEVELOPMENT_TEAM = QD5GY3MPC6;
				DYLIB_COMPATIBILITY_VERSION = 1;
				DYLIB_CURRENT_VERSION = 1;
				DYLIB_INSTALL_NAME_BASE = "@rpath";
				INFOPLIST_FILE = FKDownloader/Info.plist;
				INSTALL_PATH = "$(LOCAL_LIBRARY_DIR)/Frameworks";
				IPHONEOS_DEPLOYMENT_TARGET = 9.0;
				LD_RUNPATH_SEARCH_PATHS = (
					"$(inherited)",
					"@executable_path/Frameworks",
					"@loader_path/Frameworks",
				);
				PRODUCT_BUNDLE_IDENTIFIER = com.norld.FKDownloader;
				PRODUCT_NAME = "$(TARGET_NAME:c99extidentifier)";
				SKIP_INSTALL = YES;
				TARGETED_DEVICE_FAMILY = "1,2";
			};
			name = Debug;
		};
		3D66170423B75BA9008EBE8A /* Release */ = {
			isa = XCBuildConfiguration;
			buildSettings = {
				CODE_SIGN_STYLE = Automatic;
				DEFINES_MODULE = YES;
				DEVELOPMENT_TEAM = QD5GY3MPC6;
				DYLIB_COMPATIBILITY_VERSION = 1;
				DYLIB_CURRENT_VERSION = 1;
				DYLIB_INSTALL_NAME_BASE = "@rpath";
				INFOPLIST_FILE = FKDownloader/Info.plist;
				INSTALL_PATH = "$(LOCAL_LIBRARY_DIR)/Frameworks";
				IPHONEOS_DEPLOYMENT_TARGET = 9.0;
				LD_RUNPATH_SEARCH_PATHS = (
					"$(inherited)",
					"@executable_path/Frameworks",
					"@loader_path/Frameworks",
				);
				PRODUCT_BUNDLE_IDENTIFIER = com.norld.FKDownloader;
				PRODUCT_NAME = "$(TARGET_NAME:c99extidentifier)";
				SKIP_INSTALL = YES;
				TARGETED_DEVICE_FAMILY = "1,2";
			};
			name = Release;
		};
		3D82358723C1DF4800FE1D89 /* Debug */ = {
			isa = XCBuildConfiguration;
			buildSettings = {
				"CODE_SIGN_IDENTITY[sdk=macosx*]" = "Apple Development";
				CODE_SIGN_STYLE = Automatic;
				DEVELOPMENT_TEAM = QD5GY3MPC6;
				INFOPLIST_FILE = FKDownloaderTests/Info.plist;
				IPHONEOS_DEPLOYMENT_TARGET = 9.0;
				LD_RUNPATH_SEARCH_PATHS = (
					"$(inherited)",
					"@executable_path/Frameworks",
					"@loader_path/Frameworks",
				);
				PRODUCT_BUNDLE_IDENTIFIER = com.norld.FKDownloaderTests;
				PRODUCT_NAME = "$(TARGET_NAME)";
				TARGETED_DEVICE_FAMILY = "1,2";
				TEST_HOST = "$(BUILT_PRODUCTS_DIR)/FKDownloaderTestsApp.app/FKDownloaderTestsApp";
			};
			name = Debug;
		};
		3D82358823C1DF4800FE1D89 /* Release */ = {
			isa = XCBuildConfiguration;
			buildSettings = {
				"CODE_SIGN_IDENTITY[sdk=macosx*]" = "Apple Development";
				CODE_SIGN_STYLE = Automatic;
				DEVELOPMENT_TEAM = QD5GY3MPC6;
				INFOPLIST_FILE = FKDownloaderTests/Info.plist;
				IPHONEOS_DEPLOYMENT_TARGET = 9.0;
				LD_RUNPATH_SEARCH_PATHS = (
					"$(inherited)",
					"@executable_path/Frameworks",
					"@loader_path/Frameworks",
				);
				PRODUCT_BUNDLE_IDENTIFIER = com.norld.FKDownloaderTests;
				PRODUCT_NAME = "$(TARGET_NAME)";
				TARGETED_DEVICE_FAMILY = "1,2";
				TEST_HOST = "$(BUILT_PRODUCTS_DIR)/FKDownloaderTestsApp.app/FKDownloaderTestsApp";
			};
			name = Release;
		};
/* End XCBuildConfiguration section */

/* Begin XCConfigurationList section */
		3D3079F323E67E6B005F0105 /* Build configuration list for PBXNativeTarget "FKDownloaderTestsApp" */ = {
			isa = XCConfigurationList;
			buildConfigurations = (
				3D3079F423E67E6B005F0105 /* Debug */,
				3D3079F523E67E6B005F0105 /* Release */,
			);
			defaultConfigurationIsVisible = 0;
			defaultConfigurationName = Release;
		};
		3D6616F423B75BA9008EBE8A /* Build configuration list for PBXProject "FKDownloader" */ = {
			isa = XCConfigurationList;
			buildConfigurations = (
				3D66170023B75BA9008EBE8A /* Debug */,
				3D66170123B75BA9008EBE8A /* Release */,
			);
			defaultConfigurationIsVisible = 0;
			defaultConfigurationName = Release;
		};
		3D66170223B75BA9008EBE8A /* Build configuration list for PBXNativeTarget "FKDownloader" */ = {
			isa = XCConfigurationList;
			buildConfigurations = (
				3D66170323B75BA9008EBE8A /* Debug */,
				3D66170423B75BA9008EBE8A /* Release */,
			);
			defaultConfigurationIsVisible = 0;
			defaultConfigurationName = Release;
		};
		3D82358923C1DF4800FE1D89 /* Build configuration list for PBXNativeTarget "FKDownloaderTests" */ = {
			isa = XCConfigurationList;
			buildConfigurations = (
				3D82358723C1DF4800FE1D89 /* Debug */,
				3D82358823C1DF4800FE1D89 /* Release */,
			);
			defaultConfigurationIsVisible = 0;
			defaultConfigurationName = Release;
		};
/* End XCConfigurationList section */
	};
	rootObject = 3D6616F123B75BA9008EBE8A /* Project object */;
}
